
Microsoft Visual Studio Solution File, Format Version 12.00
# Visual Studio Version 17
VisualStudioVersion = 17.0.32014.148
MinimumVisualStudioVersion = 10.0.40219.1
Project("{2150E333-8FDC-42A3-9474-1A3956D46DE8}") = "Solution Items", "Solution Items", "{E850B7D4-962B-44CC-B75B-D19CEEE82560}"
	ProjectSection(SolutionItems) = preProject
		.editorconfig = .editorconfig
	EndProjectSection
EndProject
Project("{2150E333-8FDC-42A3-9474-1A3956D46DE8}") = "src", "src", "{67690836-336A-4FA0-A176-D1408259CF81}"
EndProject
Project("{2150E333-8FDC-42A3-9474-1A3956D46DE8}") = "2贪心算法", "2贪心算法", "{3665CC39-D3B8-47C5-A628-A9A5175F8264}"
EndProject
Project("{2150E333-8FDC-42A3-9474-1A3956D46DE8}") = "2.2分配问题", "2.2分配问题", "{C24C95B4-67ED-416C-8250-5B3CE4C832BA}"
EndProject
Project("{9A19103F-16F7-4668-BE54-9A1E7A4F7556}") = "分发饼干455", "src\2贪心算法\2.2分配问题\分发饼干455\分发饼干455.csproj", "{F895EF12-6901-4D50-94FF-6061C44B2C20}"
EndProject
Project("{9A19103F-16F7-4668-BE54-9A1E7A4F7556}") = "分发糖果135", "src\2贪心算法\2.2分配问题\分发糖果135\分发糖果135.csproj", "{3DD764B5-3FC8-4D81-B220-7B935816B9AE}"
EndProject
Project("{2150E333-8FDC-42A3-9474-1A3956D46DE8}") = "2.3区间问题", "2.3区间问题", "{3A915B62-259E-4050-9954-41B21596644D}"
EndProject
Project("{9A19103F-16F7-4668-BE54-9A1E7A4F7556}") = "无重叠区间435", "src\2贪心算法\2.3区间问题\无重叠区间435\无重叠区间435.csproj", "{38A13910-5074-4CF3-A9B9-A9D58B615834}"
EndProject
Project("{2150E333-8FDC-42A3-9474-1A3956D46DE8}") = "2.4练习", "2.4练习", "{189D1CCF-13A2-4F7D-9360-CDDC3CFF3986}"
EndProject
Project("{2150E333-8FDC-42A3-9474-1A3956D46DE8}") = "3双指针", "3双指针", "{5DFD06A6-3200-416F-9924-2AD7E5A3CFB7}"
EndProject
Project("{2150E333-8FDC-42A3-9474-1A3956D46DE8}") = "3.2Two Sum", "3.2Two Sum", "{E3E33C0C-0815-4F0B-A928-AE53081F0A86}"
EndProject
Project("{9A19103F-16F7-4668-BE54-9A1E7A4F7556}") = "两数之和II输入有序数组167", "src\3双指针\3.2Two Sum\两数之和II输入有序数组167\两数之和II输入有序数组167.csproj", "{B4D570BB-0308-4907-9E2F-85B5749525A3}"
EndProject
Project("{2150E333-8FDC-42A3-9474-1A3956D46DE8}") = "3.3归并两个有序数组", "3.3归并两个有序数组", "{6C367B58-7848-4B7C-A1D8-AD126D0EE417}"
EndProject
Project("{9A19103F-16F7-4668-BE54-9A1E7A4F7556}") = "合并两个有序数组88", "src\3双指针\3.3归并两个有序数组\合并两个有序数组88\合并两个有序数组88.csproj", "{38FCD060-DAB1-47D9-B993-6E41ED008858}"
EndProject
Project("{2150E333-8FDC-42A3-9474-1A3956D46DE8}") = "3.4快慢指针", "3.4快慢指针", "{A9B5C259-A7E1-4F4E-A8DD-82439ECB9CC6}"
EndProject
Project("{9A19103F-16F7-4668-BE54-9A1E7A4F7556}") = "环形链表II142", "src\3双指针\3.4快慢指针\环形链表II142\环形链表II142.csproj", "{7129FE09-E8AA-4566-86BC-E3548D5F7AD1}"
EndProject
Project("{2150E333-8FDC-42A3-9474-1A3956D46DE8}") = "3.5滑动窗口", "3.5滑动窗口", "{3A03BA7E-A6B5-42D1-A8D4-8A7AE94B7A9C}"
EndProject
Project("{9A19103F-16F7-4668-BE54-9A1E7A4F7556}") = "最小覆盖子串76", "src\3双指针\3.5滑动窗口\最小覆盖子串76\最小覆盖子串76.csproj", "{2F6E742B-1DF3-4B08-855A-5C8103E1FC46}"
EndProject
Project("{9A19103F-16F7-4668-BE54-9A1E7A4F7556}") = "SqrtX69", "src\4二分查找\4.2求开方\SqrtX69\SqrtX69.csproj", "{FC789B14-FCAA-484F-9D39-9E96EE11501C}"
EndProject
Project("{2150E333-8FDC-42A3-9474-1A3956D46DE8}") = "4二分查找", "4二分查找", "{3C9D3ACC-45D6-4B46-9153-51D098D5BB10}"
EndProject
Project("{2150E333-8FDC-42A3-9474-1A3956D46DE8}") = "4.2求开方", "4.2求开方", "{455CF3C4-39C2-4E1D-9486-A73DC0AD6394}"
EndProject
Project("{2150E333-8FDC-42A3-9474-1A3956D46DE8}") = "4.3查找区间", "4.3查找区间", "{5F7235D9-6B34-41DA-A4BC-A86D66A86FD5}"
EndProject
Project("{9A19103F-16F7-4668-BE54-9A1E7A4F7556}") = "在排序数组中查找元素的第一个和最后一个位置34", "src\4二分查找\4.3查找区间\在排序数组中查找元素的第一个和最后一个位置34\在排序数组中查找元素的第一个和最后一个位置34.csproj", "{C53C5F1B-5CD3-4DB0-9960-5E1768572640}"
EndProject
Project("{2150E333-8FDC-42A3-9474-1A3956D46DE8}") = "4.4旋转数组查找数字", "4.4旋转数组查找数字", "{D26C748E-E62F-450D-B04F-692E386F002E}"
EndProject
Project("{9A19103F-16F7-4668-BE54-9A1E7A4F7556}") = "搜索旋转排序数组II81", "src\4二分查找\4.4旋转数组查找数字\搜索旋转排序数组II81\搜索旋转排序数组II81.csproj", "{B3659965-4FDE-4AAC-973A-C260712BB8DC}"
EndProject
Project("{2150E333-8FDC-42A3-9474-1A3956D46DE8}") = "5排序算法", "5排序算法", "{764F39FA-1100-4C45-AE42-33ED779D9448}"
EndProject
Project("{2150E333-8FDC-42A3-9474-1A3956D46DE8}") = "5.1常用排序算法", "5.1常用排序算法", "{8D9D4AA3-35C1-4B55-8139-61B961A4F347}"
EndProject
Project("{9A19103F-16F7-4668-BE54-9A1E7A4F7556}") = "快速排序", "src\5排序算法\5.1常用排序算法\快速排序\快速排序.csproj", "{F7CE1F9C-9456-471B-AE02-21398A181C06}"
EndProject
Project("{9A19103F-16F7-4668-BE54-9A1E7A4F7556}") = "归并排序", "src\5排序算法\5.1常用排序算法\归并排序\归并排序.csproj", "{C9B56226-0493-45F5-9DF3-8DB5B785B9E1}"
EndProject
Project("{9A19103F-16F7-4668-BE54-9A1E7A4F7556}") = "插入排序", "src\5排序算法\5.1常用排序算法\插入排序\插入排序.csproj", "{03595823-668D-44C8-914A-D4582220E177}"
EndProject
Project("{9A19103F-16F7-4668-BE54-9A1E7A4F7556}") = "冒泡排序", "src\5排序算法\5.1常用排序算法\冒泡排序\冒泡排序.csproj", "{156F4DC6-5BB3-4A66-AF4D-EF37042E975C}"
EndProject
Project("{9A19103F-16F7-4668-BE54-9A1E7A4F7556}") = "选择排序", "src\5排序算法\5.1常用排序算法\选择排序\选择排序.csproj", "{2A710B5A-FBDF-498D-9B09-1DB7B4F75EB1}"
EndProject
Project("{2150E333-8FDC-42A3-9474-1A3956D46DE8}") = "5.2快速选择", "5.2快速选择", "{1E60F9FF-7214-4DB9-8D57-A1EFEFF65AB3}"
EndProject
Project("{9A19103F-16F7-4668-BE54-9A1E7A4F7556}") = "数组中的第K个最大元素215", "src\5排序算法\5.2快速选择\数组中的第K个最大元素215\数组中的第K个最大元素215.csproj", "{1FD3CF21-2469-41D8-9369-A073F589CE4B}"
EndProject
Project("{2150E333-8FDC-42A3-9474-1A3956D46DE8}") = "6优先搜索", "6优先搜索", "{8EF1A46D-C3D4-495A-96D1-BAE083C52DD6}"
EndProject
Project("{2150E333-8FDC-42A3-9474-1A3956D46DE8}") = "6.2深度优先搜索", "6.2深度优先搜索", "{E2D11FA5-954C-4CF8-8318-1C46D4EC456B}"
EndProject
Project("{9A19103F-16F7-4668-BE54-9A1E7A4F7556}") = "岛屿的最大面积695", "src\6优先搜索\6.2深度优先搜索\岛屿的最大面积695\岛屿的最大面积695.csproj", "{47FE8DF3-2343-4389-A580-525D95C24E69}"
EndProject
Project("{9A19103F-16F7-4668-BE54-9A1E7A4F7556}") = "省份数量547", "src\6优先搜索\6.2深度优先搜索\省份数量547\省份数量547.csproj", "{D343D9B4-C29C-4DC8-8F2B-47BA2E52E913}"
EndProject
Project("{9A19103F-16F7-4668-BE54-9A1E7A4F7556}") = "太平洋大西洋水流问题417", "src\6优先搜索\6.2深度优先搜索\太平洋大西洋水流问题417\太平洋大西洋水流问题417.csproj", "{B4D4CA2D-F790-4B20-95A4-A293C162C8E5}"
EndProject
Project("{2150E333-8FDC-42A3-9474-1A3956D46DE8}") = "6.3回溯法", "6.3回溯法", "{BC0F9F44-F4B9-432D-AB25-858BCFEA5DE8}"
EndProject
Project("{9A19103F-16F7-4668-BE54-9A1E7A4F7556}") = "全排列46", "src\6优先搜索\6.3回溯法\全排列46\全排列46.csproj", "{DAF84ED6-31BA-4D03-9691-F1C147042A86}"
EndProject
Project("{9A19103F-16F7-4668-BE54-9A1E7A4F7556}") = "组合77", "src\6优先搜索\6.3回溯法\组合77\组合77.csproj", "{0021D5DD-33EE-4A9A-BEF9-93237277B0FC}"
EndProject
Project("{9A19103F-16F7-4668-BE54-9A1E7A4F7556}") = "单词搜索79", "src\6优先搜索\6.3回溯法\单词搜索79\单词搜索79.csproj", "{823CE641-3B86-4427-A8C9-A58A27459643}"
EndProject
Project("{9A19103F-16F7-4668-BE54-9A1E7A4F7556}") = "N皇后51", "src\6优先搜索\6.3回溯法\N皇后51\N皇后51.csproj", "{760F9D21-CD7F-4D35-8BEA-2A4AB22F9399}"
EndProject
Project("{2150E333-8FDC-42A3-9474-1A3956D46DE8}") = "6.4广度优先搜索", "6.4广度优先搜索", "{15EF3C30-4AFE-4532-8E0D-6222A26059D6}"
EndProject
Project("{9A19103F-16F7-4668-BE54-9A1E7A4F7556}") = "最短的桥934", "src\6优先搜索\6.4广度优先搜索\最短的桥934\最短的桥934.csproj", "{81FAEA03-E758-4196-97D0-14CAE2FD1C13}"
EndProject
Project("{9A19103F-16F7-4668-BE54-9A1E7A4F7556}") = "单词接龙II126", "src\6优先搜索\6.4广度优先搜索\单词接龙II126\单词接龙II126.csproj", "{B999050D-83F0-4540-A668-44F7FD12A13D}"
EndProject
Project("{2150E333-8FDC-42A3-9474-1A3956D46DE8}") = "7动态规划", "7动态规划", "{7930E8BA-16D8-44FA-BA51-C2E6EECCE7B5}"
EndProject
Project("{2150E333-8FDC-42A3-9474-1A3956D46DE8}") = "7.2基本动态规划：一维", "7.2基本动态规划：一维", "{87097A6B-0B32-45EA-A47E-6FB58D6DE595}"
EndProject
Project("{9A19103F-16F7-4668-BE54-9A1E7A4F7556}") = "爬楼梯70", "src\7动态规划\7.2基本动态规划：一维\爬楼梯70\爬楼梯70.csproj", "{E95F51B3-8AA8-4DE1-8CA8-401EBEB556D1}"
EndProject
Project("{9A19103F-16F7-4668-BE54-9A1E7A4F7556}") = "打家劫舍198", "src\7动态规划\7.2基本动态规划：一维\打家劫舍198\打家劫舍198.csproj", "{9C6BCDBC-4A74-4A72-B846-E92F63FF8D33}"
EndProject
Project("{9A19103F-16F7-4668-BE54-9A1E7A4F7556}") = "等差数列划分413", "src\7动态规划\7.2基本动态规划：一维\等差数列划分413\等差数列划分413.csproj", "{4217CFFB-7BC3-4FC6-BB77-EF782C851908}"
EndProject
Project("{2150E333-8FDC-42A3-9474-1A3956D46DE8}") = "7.3基本动态规划：二维", "7.3基本动态规划：二维", "{BA4CB2BB-5D6B-4168-9BAA-78159B102878}"
EndProject
Project("{9A19103F-16F7-4668-BE54-9A1E7A4F7556}") = "最小路径和64", "src\7动态规划\7.3基本动态规划：二维\最小路径和64\最小路径和64.csproj", "{E5B5E6F2-B8F2-4B12-8050-154218F1A3CE}"
EndProject
Project("{9A19103F-16F7-4668-BE54-9A1E7A4F7556}") = "01矩阵542", "src\7动态规划\7.3基本动态规划：二维\01矩阵542\01矩阵542.csproj", "{C22C9C5B-C5DC-4DF6-B962-E9B4CB5986C2}"
EndProject
Project("{9A19103F-16F7-4668-BE54-9A1E7A4F7556}") = "最大正方形221", "src\7动态规划\7.3基本动态规划：二维\最大正方形221\最大正方形221.csproj", "{A10B81E1-AE87-474D-9B0D-B809B68F186A}"
EndProject
Project("{2150E333-8FDC-42A3-9474-1A3956D46DE8}") = "7.4分割类型题", "7.4分割类型题", "{D7F07A28-EAF1-4309-9CDF-0CB65358437D}"
EndProject
Project("{9A19103F-16F7-4668-BE54-9A1E7A4F7556}") = "完全平方数279", "src\7动态规划\7.4分割类型题\完全平方数279\完全平方数279.csproj", "{A948A7FA-69CF-4EA1-BC9C-0DBCBF996436}"
EndProject
Project("{9A19103F-16F7-4668-BE54-9A1E7A4F7556}") = "解码方法91", "src\7动态规划\7.4分割类型题\解码方法91\解码方法91.csproj", "{6C3A7309-1F5B-46C0-ABF2-0D7EF62D1D2D}"
EndProject
Project("{9A19103F-16F7-4668-BE54-9A1E7A4F7556}") = "单词拆分139", "src\7动态规划\7.4分割类型题\单词拆分139\单词拆分139.csproj", "{836B799D-8AC8-4616-BF8D-8ABC26167360}"
EndProject
Project("{2150E333-8FDC-42A3-9474-1A3956D46DE8}") = "7.5子序列问题", "7.5子序列问题", "{CAA7157F-21C4-4FE8-929A-C3CFD06A1881}"
EndProject
Project("{9A19103F-16F7-4668-BE54-9A1E7A4F7556}") = "最长递增子序列300", "src\7动态规划\7.5子序列问题\最长递增子序列300\最长递增子序列300.csproj", "{202F71A1-1E6B-4493-93CD-2F602AD33B7E}"
EndProject
Project("{9A19103F-16F7-4668-BE54-9A1E7A4F7556}") = "最长公共子序列1143", "src\7动态规划\7.5子序列问题\最长公共子序列1143\最长公共子序列1143.csproj", "{E1C6EF4A-32A1-41CE-B623-07A4C60066CC}"
EndProject
Project("{2150E333-8FDC-42A3-9474-1A3956D46DE8}") = "7.6背包问题", "7.6背包问题", "{F8DEAADC-C1DA-4B84-9493-2E0DD3B4409D}"
EndProject
Project("{9A19103F-16F7-4668-BE54-9A1E7A4F7556}") = "分割等和子集416", "src\7动态规划\7.6背包问题\分割等和子集416\分割等和子集416.csproj", "{B4D0BD55-BB75-4F15-8C57-6B29A7A1AD6B}"
EndProject
Project("{9A19103F-16F7-4668-BE54-9A1E7A4F7556}") = "一和零474", "src\7动态规划\7.6背包问题\一和零474\一和零474.csproj", "{0F3497D6-3502-49BA-A57C-2E36625B2989}"
EndProject
Project("{9A19103F-16F7-4668-BE54-9A1E7A4F7556}") = "零钱兑换322", "src\7动态规划\7.6背包问题\零钱兑换322\零钱兑换322.csproj", "{E28E7742-4BB9-4C4C-B4B6-CF7DF44549CC}"
EndProject
Project("{2150E333-8FDC-42A3-9474-1A3956D46DE8}") = "7.7字符串编辑", "7.7字符串编辑", "{4425F7F5-4CE2-413A-8D15-5BA806446289}"
EndProject
Project("{9A19103F-16F7-4668-BE54-9A1E7A4F7556}") = "编辑距离72", "src\7动态规划\7.7字符串编辑\编辑距离72\编辑距离72.csproj", "{9A9E0D9C-CFDD-4754-8333-CA162B8A32FA}"
EndProject
Project("{9A19103F-16F7-4668-BE54-9A1E7A4F7556}") = "只有两个键的键盘650", "src\7动态规划\7.7字符串编辑\只有两个键的键盘650\只有两个键的键盘650.csproj", "{3254EF8C-9705-42DD-BB58-B84947C12838}"
EndProject
Project("{9A19103F-16F7-4668-BE54-9A1E7A4F7556}") = "正则表达式匹配10", "src\7动态规划\7.7字符串编辑\正则表达式匹配10\正则表达式匹配10.csproj", "{397197B7-ACCB-4976-A410-68682C9A025C}"
EndProject
Project("{2150E333-8FDC-42A3-9474-1A3956D46DE8}") = "7.8股票交易", "7.8股票交易", "{4FD83F95-E1E0-4C62-9464-73DA405A4A4A}"
EndProject
Project("{9A19103F-16F7-4668-BE54-9A1E7A4F7556}") = "买卖股票的最佳时机121", "src\7动态规划\7.8股票交易\买卖股票的最佳时机121\买卖股票的最佳时机121.csproj", "{BED64345-0957-4281-8181-7C7A34483E4F}"
EndProject
Project("{9A19103F-16F7-4668-BE54-9A1E7A4F7556}") = "买卖股票的最佳时机IV188", "src\7动态规划\7.8股票交易\买卖股票的最佳时机IV188\买卖股票的最佳时机IV188.csproj", "{D3FA9FFA-8EA7-43C7-A8CB-FC191DA4DDAD}"
EndProject
Project("{9A19103F-16F7-4668-BE54-9A1E7A4F7556}") = "最佳买卖股票时机含冷冻期309", "src\7动态规划\7.8股票交易\最佳买卖股票时机含冷冻期309\最佳买卖股票时机含冷冻期309.csproj", "{9A3121B7-4645-4F32-A6C8-E0B2C0EEDAF1}"
EndProject
Project("{2150E333-8FDC-42A3-9474-1A3956D46DE8}") = "8分治与递归", "8分治与递归", "{F9D38C75-1304-482B-A0E3-7805372FCF94}"
EndProject
Project("{2150E333-8FDC-42A3-9474-1A3956D46DE8}") = "8.2表达式问题", "8.2表达式问题", "{82AF8834-78B9-47E2-AC99-34A1CFA3B63C}"
EndProject
Project("{9A19103F-16F7-4668-BE54-9A1E7A4F7556}") = "为运算表达式设计优先级241", "src\8分治与递归\8.2表达式问题\为运算表达式设计优先级241\为运算表达式设计优先级241.csproj", "{6716C292-B4E9-4747-84B9-518A36621709}"
EndProject
Project("{2150E333-8FDC-42A3-9474-1A3956D46DE8}") = "9数学", "9数学", "{33E223DA-03B7-44B8-BC3B-DA81DA414C53}"
EndProject
Project("{9A19103F-16F7-4668-BE54-9A1E7A4F7556}") = "公倍数与公因数", "src\9数学\9.2公倍数与公因数\公倍数与公因数\公倍数与公因数.csproj", "{A7E237E1-ADF9-482D-805F-425919237B60}"
EndProject
Project("{2150E333-8FDC-42A3-9474-1A3956D46DE8}") = "9.2公因数与公倍数", "9.2公因数与公倍数", "{D2BB13AC-3058-43D0-9B5B-F70C3781B4D6}"
EndProject
Project("{2150E333-8FDC-42A3-9474-1A3956D46DE8}") = "9.3质数", "9.3质数", "{CCEF3C0D-7EB2-44B2-A7BC-FBCB044C949C}"
EndProject
Project("{9A19103F-16F7-4668-BE54-9A1E7A4F7556}") = "计数质数204", "src\9数学\9.3质数\计数质数204\计数质数204.csproj", "{84B91D4B-3B46-4D93-95DD-BD533BFF7DE3}"
EndProject
Project("{2150E333-8FDC-42A3-9474-1A3956D46DE8}") = "9.4数字处理", "9.4数字处理", "{C1AD3935-88AF-4B2B-A665-CCE163AEC5D4}"
EndProject
Project("{9A19103F-16F7-4668-BE54-9A1E7A4F7556}") = "七进制数504", "src\9数学\9.4数字处理\七进制数504\七进制数504.csproj", "{D7F9900E-3F9F-4760-8D2C-327EE9B7861C}"
EndProject
Project("{9A19103F-16F7-4668-BE54-9A1E7A4F7556}") = "阶乘后的零172", "src\9数学\9.4数字处理\阶乘后的零172\阶乘后的零172.csproj", "{0C9D4D1C-669A-41C7-9389-AB1D208BEF3E}"
EndProject
Project("{9A19103F-16F7-4668-BE54-9A1E7A4F7556}") = "字符串相加415", "src\9数学\9.4数字处理\字符串相加415\字符串相加415.csproj", "{6536923B-E3FD-4C19-8DDC-D0770027452A}"
EndProject
Project("{2150E333-8FDC-42A3-9474-1A3956D46DE8}") = "9.5随机与采样", "9.5随机与采样", "{F94C5066-9610-426E-A0D0-5D99A2512D49}"
EndProject
Project("{9A19103F-16F7-4668-BE54-9A1E7A4F7556}") = "3的幂326", "src\9数学\9.4数字处理\3的幂326\3的幂326.csproj", "{860336F9-741D-4BC0-A796-B554DFBD5F50}"
EndProject
Project("{9A19103F-16F7-4668-BE54-9A1E7A4F7556}") = "打乱数组384", "src\9数学\9.5随机与采样\打乱数组384\打乱数组384.csproj", "{1598E7E2-FFF2-44B1-9486-DB64D6C62BE7}"
EndProject
Project("{9A19103F-16F7-4668-BE54-9A1E7A4F7556}") = "按权重随机选择528", "src\9数学\9.5随机与采样\按权重随机选择528\按权重随机选择528.csproj", "{D6232774-8F4B-4DDD-BDCD-F8B711B94793}"
EndProject
Project("{9A19103F-16F7-4668-BE54-9A1E7A4F7556}") = "链表随机节点382", "src\9数学\9.5随机与采样\链表随机节点382\链表随机节点382.csproj", "{6F05BA93-28D4-46C7-B811-FF32FEEB5B59}"
EndProject
Project("{2150E333-8FDC-42A3-9474-1A3956D46DE8}") = "10位运算", "10位运算", "{207AD8AB-4F55-4CE8-A15A-66DB08600411}"
EndProject
Project("{2150E333-8FDC-42A3-9474-1A3956D46DE8}") = "10.2位运算基础问题", "10.2位运算基础问题", "{64CDF2DE-7EEA-47C1-886E-EA4CA78D61C8}"
EndProject
Project("{9A19103F-16F7-4668-BE54-9A1E7A4F7556}") = "汉明距离461", "src\10位运算\10.2位运算基础问题\汉明距离461\汉明距离461.csproj", "{34152A44-CB5B-462F-8F82-841E78A9634F}"
EndProject
Project("{9A19103F-16F7-4668-BE54-9A1E7A4F7556}") = "颠倒二进制位190", "src\10位运算\10.2位运算基础问题\颠倒二进制位190\颠倒二进制位190.csproj", "{3E159B01-6049-4343-AC50-AF9F09395270}"
EndProject
Project("{9A19103F-16F7-4668-BE54-9A1E7A4F7556}") = "只出现一次的数字136", "src\10位运算\10.2位运算基础问题\只出现一次的数字136\只出现一次的数字136.csproj", "{FB5C6688-A802-4F51-8AEE-295676A48C73}"
EndProject
Project("{2150E333-8FDC-42A3-9474-1A3956D46DE8}") = "10.3二进制特性", "10.3二进制特性", "{76C5C127-7CAD-45AD-B650-90C666C3AC64}"
EndProject
Project("{9A19103F-16F7-4668-BE54-9A1E7A4F7556}") = "4的幂342", "src\10位运算\10.3二进制特性\4的幂342\4的幂342.csproj", "{257E6125-CE03-4F48-824A-7F510FF032A6}"
EndProject
Project("{9A19103F-16F7-4668-BE54-9A1E7A4F7556}") = "最大单词长度乘积318", "src\10位运算\10.3二进制特性\最大单词长度乘积318\最大单词长度乘积318.csproj", "{583210D8-F760-4C74-891E-88E512BA6D39}"
EndProject
Project("{9A19103F-16F7-4668-BE54-9A1E7A4F7556}") = "比特位计数338", "src\10位运算\10.3二进制特性\比特位计数338\比特位计数338.csproj", "{92589B7E-9559-4105-A93B-CCFA1ADEA6DD}"
EndProject
Project("{2150E333-8FDC-42A3-9474-1A3956D46DE8}") = "11数据结构", "11数据结构", "{D9085537-BDE3-4384-9F93-28BB336B2A8B}"
EndProject
Project("{2150E333-8FDC-42A3-9474-1A3956D46DE8}") = "11.2数组", "11.2数组", "{91AAB43E-FCE8-4F74-8AFA-3F801E3C23A3}"
EndProject
Project("{9A19103F-16F7-4668-BE54-9A1E7A4F7556}") = "找到所有数组中消失的数字448", "src\11数据结构\11.2数组\找到所有数组中消失的数字448\找到所有数组中消失的数字448.csproj", "{0AE64E20-9682-4B6C-8836-258F62D6CE46}"
EndProject
Project("{9A19103F-16F7-4668-BE54-9A1E7A4F7556}") = "旋转图像48", "src\11数据结构\11.2数组\旋转图像48\旋转图像48.csproj", "{F408BFA9-56C5-48F7-A8DF-4DD6F110B747}"
EndProject
Project("{9A19103F-16F7-4668-BE54-9A1E7A4F7556}") = "搜索二维矩阵II240", "src\11数据结构\11.2数组\搜索二维矩阵II240\搜索二维矩阵II240.csproj", "{43EAEDE7-8AC9-4246-8023-30F3AC26FB66}"
EndProject
Project("{9A19103F-16F7-4668-BE54-9A1E7A4F7556}") = "最多能完成排序的块769", "src\11数据结构\11.2数组\最多能完成排序的块769\最多能完成排序的块769.csproj", "{6970D5AB-0D08-4AAE-B35B-4BA980C5E567}"
EndProject
Project("{2150E333-8FDC-42A3-9474-1A3956D46DE8}") = "11.3栈和队列", "11.3栈和队列", "{DC480860-6AEB-459B-BD22-9E271373E8E8}"
EndProject
Project("{9A19103F-16F7-4668-BE54-9A1E7A4F7556}") = "用栈实现队列232", "src\11数据结构\11.3栈和队列\用栈实现队列232\用栈实现队列232.csproj", "{C70EEE5D-C214-4423-9CD8-5FDB812B6A5D}"
EndProject
Project("{9A19103F-16F7-4668-BE54-9A1E7A4F7556}") = "最小栈155", "src\11数据结构\11.3栈和队列\最小栈155\最小栈155.csproj", "{A9786F0C-B503-4BDC-9BB1-2007E0571A8A}"
EndProject
Project("{2150E333-8FDC-42A3-9474-1A3956D46DE8}") = "11.4单调栈", "11.4单调栈", "{B18E844F-36BE-41DE-8B1C-B3F5F570F95B}"
EndProject
Project("{2150E333-8FDC-42A3-9474-1A3956D46DE8}") = "11.5优先队列", "11.5优先队列", "{9FF869BE-1CF4-4B3C-9851-8D871E2DE3AF}"
	ProjectSection(SolutionItems) = preProject
		TODO.txt = TODO.txt
	EndProjectSection
EndProject
Project("{2150E333-8FDC-42A3-9474-1A3956D46DE8}") = "11.6双端队列", "11.6双端队列", "{727D477D-9226-41AC-9846-64B093CC34DB}"
EndProject
Project("{2150E333-8FDC-42A3-9474-1A3956D46DE8}") = "11.7哈希表", "11.7哈希表", "{D09758AD-E4C1-4926-9390-D03DF8AAF357}"
EndProject
Project("{2150E333-8FDC-42A3-9474-1A3956D46DE8}") = "11.8多重集合和映射", "11.8多重集合和映射", "{9B99EA7F-520A-4376-AF6B-3E1B21C5886B}"
EndProject
Project("{2150E333-8FDC-42A3-9474-1A3956D46DE8}") = "11.9前缀和与积分图", "11.9前缀和与积分图", "{4B6A0A62-64FD-4EDA-BB93-3227CD0DCB12}"
EndProject
Project("{2150E333-8FDC-42A3-9474-1A3956D46DE8}") = "12字符串", "12字符串", "{3454ADCD-9819-42ED-8C02-8EE3D944558F}"
EndProject
Project("{2150E333-8FDC-42A3-9474-1A3956D46DE8}") = "13链表", "13链表", "{AF0DFABD-C4AE-46C3-9A8E-3E9FE8AEF31B}"
EndProject
Project("{2150E333-8FDC-42A3-9474-1A3956D46DE8}") = "14树", "14树", "{DD68548E-351A-49C3-B4AA-191876F1ED49}"
EndProject
Project("{2150E333-8FDC-42A3-9474-1A3956D46DE8}") = "12.2字符串比较", "12.2字符串比较", "{E482839E-5498-47C6-BEFE-B27BB07F0818}"
EndProject
Project("{9A19103F-16F7-4668-BE54-9A1E7A4F7556}") = "有效的括号20", "src\11数据结构\11.3栈和队列\有效的括号20\有效的括号20.csproj", "{E36A88B2-382B-4E34-9C3C-EE31BDBB2850}"
EndProject
Project("{9A19103F-16F7-4668-BE54-9A1E7A4F7556}") = "每日温度739", "src\11数据结构\11.4单调栈\每日温度739\每日温度739.csproj", "{B7E230E9-79D5-43B3-852E-6E0D4EA55EB6}"
EndProject
Project("{9A19103F-16F7-4668-BE54-9A1E7A4F7556}") = "滑动窗口最大值239", "src\11数据结构\11.6双端队列\滑动窗口最大值239\滑动窗口最大值239.csproj", "{32D397C9-0A9F-4845-83EB-3AD7A628C117}"
EndProject
Project("{9A19103F-16F7-4668-BE54-9A1E7A4F7556}") = "两数之和1", "src\11数据结构\11.7哈希表\两数之和1\两数之和1.csproj", "{31EDD830-6877-496A-8A13-4B7EF5DC1234}"
EndProject
Project("{9A19103F-16F7-4668-BE54-9A1E7A4F7556}") = "最长连续序列128", "src\11数据结构\11.7哈希表\最长连续序列128\最长连续序列128.csproj", "{567D9AA5-D9D9-4707-AE17-CF459942BFD9}"
EndProject
Project("{9A19103F-16F7-4668-BE54-9A1E7A4F7556}") = "直线上最多的点数149", "src\11数据结构\11.7哈希表\直线上最多的点数149\直线上最多的点数149.csproj", "{568A7EEF-145F-4321-AC85-F3C03F7AB793}"
EndProject
Project("{9A19103F-16F7-4668-BE54-9A1E7A4F7556}") = "重新安排行程332", "src\11数据结构\11.8多重集合和映射\重新安排行程332\重新安排行程332.csproj", "{06D0CBF9-6A06-4AC3-8811-8D14F88DF4D8}"
EndProject
Project("{9A19103F-16F7-4668-BE54-9A1E7A4F7556}") = "有效的字母异位词242", "src\12字符串\12.2字符串比较\有效的字母异位词242\有效的字母异位词242.csproj", "{F9DA48FA-FFF4-47EC-8870-2CC598F538FF}"
EndProject
Project("{9A19103F-16F7-4668-BE54-9A1E7A4F7556}") = "同构字符串205", "src\12字符串\12.2字符串比较\同构字符串205\同构字符串205.csproj", "{4F757086-F6BA-4811-8498-1136577EBAD6}"
EndProject
Project("{9A19103F-16F7-4668-BE54-9A1E7A4F7556}") = "回文子串647", "src\12字符串\12.2字符串比较\回文子串647\回文子串647.csproj", "{C5D6D5BC-6AD3-4928-A0AD-B3E48847B4B2}"
EndProject
Project("{9A19103F-16F7-4668-BE54-9A1E7A4F7556}") = "计数二进制子串696", "src\12字符串\12.2字符串比较\计数二进制子串696\计数二进制子串696.csproj", "{84186D23-616E-4D54-B9B1-CEB662F1951F}"
EndProject
Project("{2150E333-8FDC-42A3-9474-1A3956D46DE8}") = "12.3字符串理解", "12.3字符串理解", "{8C7322BD-9F47-4F32-A3A9-3DC96589D966}"
EndProject
Project("{9A19103F-16F7-4668-BE54-9A1E7A4F7556}") = "基本计算器II227", "src\12字符串\12.3字符串理解\基本计算器II227\基本计算器II227.csproj", "{82E81BF8-DB0F-4228-AE24-B5248A9715DC}"
EndProject
Project("{2150E333-8FDC-42A3-9474-1A3956D46DE8}") = "12.4字符串匹配", "12.4字符串匹配", "{0A058621-58A3-42D9-9B9F-279EFF788BF9}"
EndProject
Project("{9A19103F-16F7-4668-BE54-9A1E7A4F7556}") = "实现strStr28", "src\12字符串\12.4字符串匹配\实现strStr28\实现strStr28.csproj", "{BA6281DD-8F9F-435A-9CD8-9611E261DA42}"
EndProject
Project("{2150E333-8FDC-42A3-9474-1A3956D46DE8}") = "13.2链表的基本操作", "13.2链表的基本操作", "{FBF25FB3-3EFB-4A6E-8895-77FEA975841F}"
EndProject
Project("{9A19103F-16F7-4668-BE54-9A1E7A4F7556}") = "反转链表206", "src\13链表\13.2链表的基本操作\反转链表206\反转链表206.csproj", "{2A1134E4-A17E-4E31-AD50-23D73248F048}"
EndProject
Project("{9A19103F-16F7-4668-BE54-9A1E7A4F7556}") = "合并两个有序链表21", "src\13链表\13.2链表的基本操作\合并两个有序链表21\合并两个有序链表21.csproj", "{0DA7FCC9-4454-4D33-B852-45A6C25D2CD1}"
EndProject
Project("{9A19103F-16F7-4668-BE54-9A1E7A4F7556}") = "两两交换链表中的节点24", "src\13链表\13.2链表的基本操作\两两交换链表中的节点24\两两交换链表中的节点24.csproj", "{994FDF26-6B33-49FA-8326-AAD34842FBE3}"
EndProject
Project("{2150E333-8FDC-42A3-9474-1A3956D46DE8}") = "13.3其它链表技巧", "13.3其它链表技巧", "{1D25B8FB-3647-4C0E-9D3F-0506520D7259}"
EndProject
Project("{9A19103F-16F7-4668-BE54-9A1E7A4F7556}") = "相交链表160", "src\13链表\13.3其它链表技巧\相交链表160\相交链表160.csproj", "{8598A8C7-A30A-4A8F-9802-3E2260A6C1B8}"
EndProject
Project("{9A19103F-16F7-4668-BE54-9A1E7A4F7556}") = "回文链表234", "src\13链表\13.3其它链表技巧\回文链表234\回文链表234.csproj", "{C122B83E-DBDC-4E09-933D-3F8F69FF2095}"
EndProject
Project("{2150E333-8FDC-42A3-9474-1A3956D46DE8}") = "14.2树的递归", "14.2树的递归", "{F4197114-8798-4ED6-8339-21DC9AEFAB3A}"
EndProject
Project("{9A19103F-16F7-4668-BE54-9A1E7A4F7556}") = "二叉树的最大深度104", "src\14树\14.2树的递归\二叉树的最大深度104\二叉树的最大深度104.csproj", "{7A3456C1-FFAF-47F4-8F4B-55820D01E8A3}"
EndProject
Project("{9A19103F-16F7-4668-BE54-9A1E7A4F7556}") = "平衡二叉树110", "src\14树\14.2树的递归\平衡二叉树110\平衡二叉树110.csproj", "{947D4223-C8DB-4324-82A5-CA63C20A4A8C}"
EndProject
Project("{9A19103F-16F7-4668-BE54-9A1E7A4F7556}") = "二叉树的直径543", "src\14树\14.2树的递归\二叉树的直径543\二叉树的直径543.csproj", "{9ABD76E0-4CE5-4D90-9155-499DBFA14856}"
EndProject
Project("{9A19103F-16F7-4668-BE54-9A1E7A4F7556}") = "路径总和III437", "src\14树\14.2树的递归\路径总和III437\路径总和III437.csproj", "{398428AF-555B-43E6-A002-E7CF4FB230AC}"
EndProject
Project("{9A19103F-16F7-4668-BE54-9A1E7A4F7556}") = "对称二叉树101", "src\14树\14.2树的递归\对称二叉树101\对称二叉树101.csproj", "{277F73A7-23E7-400A-9C04-0C4B3C544CDB}"
EndProject
Project("{9A19103F-16F7-4668-BE54-9A1E7A4F7556}") = "删点成林1110", "src\14树\14.2树的递归\删点成林1110\删点成林1110.csproj", "{6337B150-9741-47D3-A84F-C031151E9CF2}"
EndProject
Project("{2150E333-8FDC-42A3-9474-1A3956D46DE8}") = "14.3层次遍历", "14.3层次遍历", "{CB0307AF-E96A-4EB5-9DF6-B8309FEAC345}"
EndProject
Project("{9A19103F-16F7-4668-BE54-9A1E7A4F7556}") = "二叉树的层平均值637", "src\14树\14.3层次遍历\二叉树的层平均值637\二叉树的层平均值637.csproj", "{F9A54C6A-5381-410F-8245-5F87110DCBD0}"
EndProject
Project("{2150E333-8FDC-42A3-9474-1A3956D46DE8}") = "14.4前中后序遍历", "14.4前中后序遍历", "{86EE3771-7735-4444-88D2-A657FE330704}"
EndProject
Project("{9A19103F-16F7-4668-BE54-9A1E7A4F7556}") = "从前序与中序遍历序列构造二叉树105", "src\14树\14.4前中后序遍历\从前序与中序遍历序列构造二叉树105\从前序与中序遍历序列构造二叉树105.csproj", "{3829E9D2-CC29-4F28-9FED-57EB9C6F5769}"
EndProject
Project("{9A19103F-16F7-4668-BE54-9A1E7A4F7556}") = "二叉树的前序遍历144", "src\14树\14.4前中后序遍历\二叉树的前序遍历144\二叉树的前序遍历144.csproj", "{DF8C8F5A-33D0-4B9B-AD6B-F66E82BF8E8C}"
EndProject
Project("{2150E333-8FDC-42A3-9474-1A3956D46DE8}") = "14.5二叉查找树", "14.5二叉查找树", "{0CDCEEC3-5CD8-42FA-8D78-19AE649C354F}"
EndProject
Project("{9A19103F-16F7-4668-BE54-9A1E7A4F7556}") = "恢复二叉搜索树99", "src\14树\14.5二叉查找树\恢复二叉搜索树99\恢复二叉搜索树99.csproj", "{4FBB0A36-E38A-4D3E-8D00-18A814004285}"
EndProject
Project("{2150E333-8FDC-42A3-9474-1A3956D46DE8}") = "14.6字典树", "14.6字典树", "{B763E1D6-ED04-4BA1-B048-BB1218CAC11C}"
EndProject
Project("{9A19103F-16F7-4668-BE54-9A1E7A4F7556}") = "实现Trie前缀树208", "src\14树\14.6字典树\实现Trie前缀树208\实现Trie前缀树208.csproj", "{B05A9BDC-2720-4513-AA53-AD228C839D07}"
EndProject
Project("{2150E333-8FDC-42A3-9474-1A3956D46DE8}") = "15图", "15图", "{D71D4967-A57B-4C23-86BB-CB1535AD07C9}"
EndProject
Project("{2150E333-8FDC-42A3-9474-1A3956D46DE8}") = "15.2二分图", "15.2二分图", "{A431562A-0CBF-45C6-9FCB-4AF2A6BFD121}"
EndProject
Project("{9A19103F-16F7-4668-BE54-9A1E7A4F7556}") = "判断二分图785", "src\15图\15.2二分图\判断二分图785\判断二分图785.csproj", "{5C744609-4A6E-44C5-960D-839FDF5146F5}"
EndProject
Project("{2150E333-8FDC-42A3-9474-1A3956D46DE8}") = "15.3拓扑排序", "15.3拓扑排序", "{70B577FE-97B9-456D-A736-43870408ED21}"
EndProject
Project("{9A19103F-16F7-4668-BE54-9A1E7A4F7556}") = "课程表II210", "src\15图\15.3拓扑排序\课程表II210\课程表II210.csproj", "{438597FD-0643-4A43-A5BB-14BD1AC56E67}"
EndProject
Project("{2150E333-8FDC-42A3-9474-1A3956D46DE8}") = "16更加复杂的数据结构", "16更加复杂的数据结构", "{00CD6C61-D741-466B-A2AD-B543E6BC7855}"
EndProject
Project("{2150E333-8FDC-42A3-9474-1A3956D46DE8}") = "16.2并查集", "16.2并查集", "{6FA45724-9AE1-4890-BD5E-45A9B559CCA4}"
EndProject
Project("{2150E333-8FDC-42A3-9474-1A3956D46DE8}") = "16.3复合数据结构", "16.3复合数据结构", "{D89EC5EC-5170-435F-91CD-8EF058D3EF45}"
EndProject
Project("{FAE04EC0-301F-11D3-BF4B-00C04F79EFBC}") = "LRU缓存146", "src\16更加复杂的数据结构\16.3复合数据结构\LRU缓存146\LRU缓存146.csproj", "{D5AAF045-3D68-4293-96C7-5D01BBA94FD3}"
EndProject
Global
	GlobalSection(SolutionConfigurationPlatforms) = preSolution
		Debug|Any CPU = Debug|Any CPU
		Release|Any CPU = Release|Any CPU
	EndGlobalSection
	GlobalSection(ProjectConfigurationPlatforms) = postSolution
		{F895EF12-6901-4D50-94FF-6061C44B2C20}.Debug|Any CPU.ActiveCfg = Debug|Any CPU
		{F895EF12-6901-4D50-94FF-6061C44B2C20}.Debug|Any CPU.Build.0 = Debug|Any CPU
		{F895EF12-6901-4D50-94FF-6061C44B2C20}.Release|Any CPU.ActiveCfg = Release|Any CPU
		{F895EF12-6901-4D50-94FF-6061C44B2C20}.Release|Any CPU.Build.0 = Release|Any CPU
		{3DD764B5-3FC8-4D81-B220-7B935816B9AE}.Debug|Any CPU.ActiveCfg = Debug|Any CPU
		{3DD764B5-3FC8-4D81-B220-7B935816B9AE}.Debug|Any CPU.Build.0 = Debug|Any CPU
		{3DD764B5-3FC8-4D81-B220-7B935816B9AE}.Release|Any CPU.ActiveCfg = Release|Any CPU
		{3DD764B5-3FC8-4D81-B220-7B935816B9AE}.Release|Any CPU.Build.0 = Release|Any CPU
		{38A13910-5074-4CF3-A9B9-A9D58B615834}.Debug|Any CPU.ActiveCfg = Debug|Any CPU
		{38A13910-5074-4CF3-A9B9-A9D58B615834}.Debug|Any CPU.Build.0 = Debug|Any CPU
		{38A13910-5074-4CF3-A9B9-A9D58B615834}.Release|Any CPU.ActiveCfg = Release|Any CPU
		{38A13910-5074-4CF3-A9B9-A9D58B615834}.Release|Any CPU.Build.0 = Release|Any CPU
		{B4D570BB-0308-4907-9E2F-85B5749525A3}.Debug|Any CPU.ActiveCfg = Debug|Any CPU
		{B4D570BB-0308-4907-9E2F-85B5749525A3}.Debug|Any CPU.Build.0 = Debug|Any CPU
		{B4D570BB-0308-4907-9E2F-85B5749525A3}.Release|Any CPU.ActiveCfg = Release|Any CPU
		{B4D570BB-0308-4907-9E2F-85B5749525A3}.Release|Any CPU.Build.0 = Release|Any CPU
		{38FCD060-DAB1-47D9-B993-6E41ED008858}.Debug|Any CPU.ActiveCfg = Debug|Any CPU
		{38FCD060-DAB1-47D9-B993-6E41ED008858}.Debug|Any CPU.Build.0 = Debug|Any CPU
		{38FCD060-DAB1-47D9-B993-6E41ED008858}.Release|Any CPU.ActiveCfg = Release|Any CPU
		{38FCD060-DAB1-47D9-B993-6E41ED008858}.Release|Any CPU.Build.0 = Release|Any CPU
		{7129FE09-E8AA-4566-86BC-E3548D5F7AD1}.Debug|Any CPU.ActiveCfg = Debug|Any CPU
		{7129FE09-E8AA-4566-86BC-E3548D5F7AD1}.Debug|Any CPU.Build.0 = Debug|Any CPU
		{7129FE09-E8AA-4566-86BC-E3548D5F7AD1}.Release|Any CPU.ActiveCfg = Release|Any CPU
		{7129FE09-E8AA-4566-86BC-E3548D5F7AD1}.Release|Any CPU.Build.0 = Release|Any CPU
		{2F6E742B-1DF3-4B08-855A-5C8103E1FC46}.Debug|Any CPU.ActiveCfg = Debug|Any CPU
		{2F6E742B-1DF3-4B08-855A-5C8103E1FC46}.Debug|Any CPU.Build.0 = Debug|Any CPU
		{2F6E742B-1DF3-4B08-855A-5C8103E1FC46}.Release|Any CPU.ActiveCfg = Release|Any CPU
		{2F6E742B-1DF3-4B08-855A-5C8103E1FC46}.Release|Any CPU.Build.0 = Release|Any CPU
		{FC789B14-FCAA-484F-9D39-9E96EE11501C}.Debug|Any CPU.ActiveCfg = Debug|Any CPU
		{FC789B14-FCAA-484F-9D39-9E96EE11501C}.Debug|Any CPU.Build.0 = Debug|Any CPU
		{FC789B14-FCAA-484F-9D39-9E96EE11501C}.Release|Any CPU.ActiveCfg = Release|Any CPU
		{FC789B14-FCAA-484F-9D39-9E96EE11501C}.Release|Any CPU.Build.0 = Release|Any CPU
		{C53C5F1B-5CD3-4DB0-9960-5E1768572640}.Debug|Any CPU.ActiveCfg = Debug|Any CPU
		{C53C5F1B-5CD3-4DB0-9960-5E1768572640}.Debug|Any CPU.Build.0 = Debug|Any CPU
		{C53C5F1B-5CD3-4DB0-9960-5E1768572640}.Release|Any CPU.ActiveCfg = Release|Any CPU
		{C53C5F1B-5CD3-4DB0-9960-5E1768572640}.Release|Any CPU.Build.0 = Release|Any CPU
		{B3659965-4FDE-4AAC-973A-C260712BB8DC}.Debug|Any CPU.ActiveCfg = Debug|Any CPU
		{B3659965-4FDE-4AAC-973A-C260712BB8DC}.Debug|Any CPU.Build.0 = Debug|Any CPU
		{B3659965-4FDE-4AAC-973A-C260712BB8DC}.Release|Any CPU.ActiveCfg = Release|Any CPU
		{B3659965-4FDE-4AAC-973A-C260712BB8DC}.Release|Any CPU.Build.0 = Release|Any CPU
		{F7CE1F9C-9456-471B-AE02-21398A181C06}.Debug|Any CPU.ActiveCfg = Debug|Any CPU
		{F7CE1F9C-9456-471B-AE02-21398A181C06}.Debug|Any CPU.Build.0 = Debug|Any CPU
		{F7CE1F9C-9456-471B-AE02-21398A181C06}.Release|Any CPU.ActiveCfg = Release|Any CPU
		{F7CE1F9C-9456-471B-AE02-21398A181C06}.Release|Any CPU.Build.0 = Release|Any CPU
		{C9B56226-0493-45F5-9DF3-8DB5B785B9E1}.Debug|Any CPU.ActiveCfg = Debug|Any CPU
		{C9B56226-0493-45F5-9DF3-8DB5B785B9E1}.Debug|Any CPU.Build.0 = Debug|Any CPU
		{C9B56226-0493-45F5-9DF3-8DB5B785B9E1}.Release|Any CPU.ActiveCfg = Release|Any CPU
		{C9B56226-0493-45F5-9DF3-8DB5B785B9E1}.Release|Any CPU.Build.0 = Release|Any CPU
		{03595823-668D-44C8-914A-D4582220E177}.Debug|Any CPU.ActiveCfg = Debug|Any CPU
		{03595823-668D-44C8-914A-D4582220E177}.Debug|Any CPU.Build.0 = Debug|Any CPU
		{03595823-668D-44C8-914A-D4582220E177}.Release|Any CPU.ActiveCfg = Release|Any CPU
		{03595823-668D-44C8-914A-D4582220E177}.Release|Any CPU.Build.0 = Release|Any CPU
		{156F4DC6-5BB3-4A66-AF4D-EF37042E975C}.Debug|Any CPU.ActiveCfg = Debug|Any CPU
		{156F4DC6-5BB3-4A66-AF4D-EF37042E975C}.Debug|Any CPU.Build.0 = Debug|Any CPU
		{156F4DC6-5BB3-4A66-AF4D-EF37042E975C}.Release|Any CPU.ActiveCfg = Release|Any CPU
		{156F4DC6-5BB3-4A66-AF4D-EF37042E975C}.Release|Any CPU.Build.0 = Release|Any CPU
		{2A710B5A-FBDF-498D-9B09-1DB7B4F75EB1}.Debug|Any CPU.ActiveCfg = Debug|Any CPU
		{2A710B5A-FBDF-498D-9B09-1DB7B4F75EB1}.Debug|Any CPU.Build.0 = Debug|Any CPU
		{2A710B5A-FBDF-498D-9B09-1DB7B4F75EB1}.Release|Any CPU.ActiveCfg = Release|Any CPU
		{2A710B5A-FBDF-498D-9B09-1DB7B4F75EB1}.Release|Any CPU.Build.0 = Release|Any CPU
		{1FD3CF21-2469-41D8-9369-A073F589CE4B}.Debug|Any CPU.ActiveCfg = Debug|Any CPU
		{1FD3CF21-2469-41D8-9369-A073F589CE4B}.Debug|Any CPU.Build.0 = Debug|Any CPU
		{1FD3CF21-2469-41D8-9369-A073F589CE4B}.Release|Any CPU.ActiveCfg = Release|Any CPU
		{1FD3CF21-2469-41D8-9369-A073F589CE4B}.Release|Any CPU.Build.0 = Release|Any CPU
		{47FE8DF3-2343-4389-A580-525D95C24E69}.Debug|Any CPU.ActiveCfg = Debug|Any CPU
		{47FE8DF3-2343-4389-A580-525D95C24E69}.Debug|Any CPU.Build.0 = Debug|Any CPU
		{47FE8DF3-2343-4389-A580-525D95C24E69}.Release|Any CPU.ActiveCfg = Release|Any CPU
		{47FE8DF3-2343-4389-A580-525D95C24E69}.Release|Any CPU.Build.0 = Release|Any CPU
		{D343D9B4-C29C-4DC8-8F2B-47BA2E52E913}.Debug|Any CPU.ActiveCfg = Debug|Any CPU
		{D343D9B4-C29C-4DC8-8F2B-47BA2E52E913}.Debug|Any CPU.Build.0 = Debug|Any CPU
		{D343D9B4-C29C-4DC8-8F2B-47BA2E52E913}.Release|Any CPU.ActiveCfg = Release|Any CPU
		{D343D9B4-C29C-4DC8-8F2B-47BA2E52E913}.Release|Any CPU.Build.0 = Release|Any CPU
		{B4D4CA2D-F790-4B20-95A4-A293C162C8E5}.Debug|Any CPU.ActiveCfg = Debug|Any CPU
		{B4D4CA2D-F790-4B20-95A4-A293C162C8E5}.Debug|Any CPU.Build.0 = Debug|Any CPU
		{B4D4CA2D-F790-4B20-95A4-A293C162C8E5}.Release|Any CPU.ActiveCfg = Release|Any CPU
		{B4D4CA2D-F790-4B20-95A4-A293C162C8E5}.Release|Any CPU.Build.0 = Release|Any CPU
		{DAF84ED6-31BA-4D03-9691-F1C147042A86}.Debug|Any CPU.ActiveCfg = Debug|Any CPU
		{DAF84ED6-31BA-4D03-9691-F1C147042A86}.Debug|Any CPU.Build.0 = Debug|Any CPU
		{DAF84ED6-31BA-4D03-9691-F1C147042A86}.Release|Any CPU.ActiveCfg = Release|Any CPU
		{DAF84ED6-31BA-4D03-9691-F1C147042A86}.Release|Any CPU.Build.0 = Release|Any CPU
		{0021D5DD-33EE-4A9A-BEF9-93237277B0FC}.Debug|Any CPU.ActiveCfg = Debug|Any CPU
		{0021D5DD-33EE-4A9A-BEF9-93237277B0FC}.Debug|Any CPU.Build.0 = Debug|Any CPU
		{0021D5DD-33EE-4A9A-BEF9-93237277B0FC}.Release|Any CPU.ActiveCfg = Release|Any CPU
		{0021D5DD-33EE-4A9A-BEF9-93237277B0FC}.Release|Any CPU.Build.0 = Release|Any CPU
		{823CE641-3B86-4427-A8C9-A58A27459643}.Debug|Any CPU.ActiveCfg = Debug|Any CPU
		{823CE641-3B86-4427-A8C9-A58A27459643}.Debug|Any CPU.Build.0 = Debug|Any CPU
		{823CE641-3B86-4427-A8C9-A58A27459643}.Release|Any CPU.ActiveCfg = Release|Any CPU
		{823CE641-3B86-4427-A8C9-A58A27459643}.Release|Any CPU.Build.0 = Release|Any CPU
		{760F9D21-CD7F-4D35-8BEA-2A4AB22F9399}.Debug|Any CPU.ActiveCfg = Debug|Any CPU
		{760F9D21-CD7F-4D35-8BEA-2A4AB22F9399}.Debug|Any CPU.Build.0 = Debug|Any CPU
		{760F9D21-CD7F-4D35-8BEA-2A4AB22F9399}.Release|Any CPU.ActiveCfg = Release|Any CPU
		{760F9D21-CD7F-4D35-8BEA-2A4AB22F9399}.Release|Any CPU.Build.0 = Release|Any CPU
		{81FAEA03-E758-4196-97D0-14CAE2FD1C13}.Debug|Any CPU.ActiveCfg = Debug|Any CPU
		{81FAEA03-E758-4196-97D0-14CAE2FD1C13}.Debug|Any CPU.Build.0 = Debug|Any CPU
		{81FAEA03-E758-4196-97D0-14CAE2FD1C13}.Release|Any CPU.ActiveCfg = Release|Any CPU
		{81FAEA03-E758-4196-97D0-14CAE2FD1C13}.Release|Any CPU.Build.0 = Release|Any CPU
		{B999050D-83F0-4540-A668-44F7FD12A13D}.Debug|Any CPU.ActiveCfg = Debug|Any CPU
		{B999050D-83F0-4540-A668-44F7FD12A13D}.Debug|Any CPU.Build.0 = Debug|Any CPU
		{B999050D-83F0-4540-A668-44F7FD12A13D}.Release|Any CPU.ActiveCfg = Release|Any CPU
		{B999050D-83F0-4540-A668-44F7FD12A13D}.Release|Any CPU.Build.0 = Release|Any CPU
		{E95F51B3-8AA8-4DE1-8CA8-401EBEB556D1}.Debug|Any CPU.ActiveCfg = Debug|Any CPU
		{E95F51B3-8AA8-4DE1-8CA8-401EBEB556D1}.Debug|Any CPU.Build.0 = Debug|Any CPU
		{E95F51B3-8AA8-4DE1-8CA8-401EBEB556D1}.Release|Any CPU.ActiveCfg = Release|Any CPU
		{E95F51B3-8AA8-4DE1-8CA8-401EBEB556D1}.Release|Any CPU.Build.0 = Release|Any CPU
		{9C6BCDBC-4A74-4A72-B846-E92F63FF8D33}.Debug|Any CPU.ActiveCfg = Debug|Any CPU
		{9C6BCDBC-4A74-4A72-B846-E92F63FF8D33}.Debug|Any CPU.Build.0 = Debug|Any CPU
		{9C6BCDBC-4A74-4A72-B846-E92F63FF8D33}.Release|Any CPU.ActiveCfg = Release|Any CPU
		{9C6BCDBC-4A74-4A72-B846-E92F63FF8D33}.Release|Any CPU.Build.0 = Release|Any CPU
		{4217CFFB-7BC3-4FC6-BB77-EF782C851908}.Debug|Any CPU.ActiveCfg = Debug|Any CPU
		{4217CFFB-7BC3-4FC6-BB77-EF782C851908}.Debug|Any CPU.Build.0 = Debug|Any CPU
		{4217CFFB-7BC3-4FC6-BB77-EF782C851908}.Release|Any CPU.ActiveCfg = Release|Any CPU
		{4217CFFB-7BC3-4FC6-BB77-EF782C851908}.Release|Any CPU.Build.0 = Release|Any CPU
		{E5B5E6F2-B8F2-4B12-8050-154218F1A3CE}.Debug|Any CPU.ActiveCfg = Debug|Any CPU
		{E5B5E6F2-B8F2-4B12-8050-154218F1A3CE}.Debug|Any CPU.Build.0 = Debug|Any CPU
		{E5B5E6F2-B8F2-4B12-8050-154218F1A3CE}.Release|Any CPU.ActiveCfg = Release|Any CPU
		{E5B5E6F2-B8F2-4B12-8050-154218F1A3CE}.Release|Any CPU.Build.0 = Release|Any CPU
		{C22C9C5B-C5DC-4DF6-B962-E9B4CB5986C2}.Debug|Any CPU.ActiveCfg = Debug|Any CPU
		{C22C9C5B-C5DC-4DF6-B962-E9B4CB5986C2}.Debug|Any CPU.Build.0 = Debug|Any CPU
		{C22C9C5B-C5DC-4DF6-B962-E9B4CB5986C2}.Release|Any CPU.ActiveCfg = Release|Any CPU
		{C22C9C5B-C5DC-4DF6-B962-E9B4CB5986C2}.Release|Any CPU.Build.0 = Release|Any CPU
		{A10B81E1-AE87-474D-9B0D-B809B68F186A}.Debug|Any CPU.ActiveCfg = Debug|Any CPU
		{A10B81E1-AE87-474D-9B0D-B809B68F186A}.Debug|Any CPU.Build.0 = Debug|Any CPU
		{A10B81E1-AE87-474D-9B0D-B809B68F186A}.Release|Any CPU.ActiveCfg = Release|Any CPU
		{A10B81E1-AE87-474D-9B0D-B809B68F186A}.Release|Any CPU.Build.0 = Release|Any CPU
		{A948A7FA-69CF-4EA1-BC9C-0DBCBF996436}.Debug|Any CPU.ActiveCfg = Debug|Any CPU
		{A948A7FA-69CF-4EA1-BC9C-0DBCBF996436}.Debug|Any CPU.Build.0 = Debug|Any CPU
		{A948A7FA-69CF-4EA1-BC9C-0DBCBF996436}.Release|Any CPU.ActiveCfg = Release|Any CPU
		{A948A7FA-69CF-4EA1-BC9C-0DBCBF996436}.Release|Any CPU.Build.0 = Release|Any CPU
		{6C3A7309-1F5B-46C0-ABF2-0D7EF62D1D2D}.Debug|Any CPU.ActiveCfg = Debug|Any CPU
		{6C3A7309-1F5B-46C0-ABF2-0D7EF62D1D2D}.Debug|Any CPU.Build.0 = Debug|Any CPU
		{6C3A7309-1F5B-46C0-ABF2-0D7EF62D1D2D}.Release|Any CPU.ActiveCfg = Release|Any CPU
		{6C3A7309-1F5B-46C0-ABF2-0D7EF62D1D2D}.Release|Any CPU.Build.0 = Release|Any CPU
		{836B799D-8AC8-4616-BF8D-8ABC26167360}.Debug|Any CPU.ActiveCfg = Debug|Any CPU
		{836B799D-8AC8-4616-BF8D-8ABC26167360}.Debug|Any CPU.Build.0 = Debug|Any CPU
		{836B799D-8AC8-4616-BF8D-8ABC26167360}.Release|Any CPU.ActiveCfg = Release|Any CPU
		{836B799D-8AC8-4616-BF8D-8ABC26167360}.Release|Any CPU.Build.0 = Release|Any CPU
		{202F71A1-1E6B-4493-93CD-2F602AD33B7E}.Debug|Any CPU.ActiveCfg = Debug|Any CPU
		{202F71A1-1E6B-4493-93CD-2F602AD33B7E}.Debug|Any CPU.Build.0 = Debug|Any CPU
		{202F71A1-1E6B-4493-93CD-2F602AD33B7E}.Release|Any CPU.ActiveCfg = Release|Any CPU
		{202F71A1-1E6B-4493-93CD-2F602AD33B7E}.Release|Any CPU.Build.0 = Release|Any CPU
		{E1C6EF4A-32A1-41CE-B623-07A4C60066CC}.Debug|Any CPU.ActiveCfg = Debug|Any CPU
		{E1C6EF4A-32A1-41CE-B623-07A4C60066CC}.Debug|Any CPU.Build.0 = Debug|Any CPU
		{E1C6EF4A-32A1-41CE-B623-07A4C60066CC}.Release|Any CPU.ActiveCfg = Release|Any CPU
		{E1C6EF4A-32A1-41CE-B623-07A4C60066CC}.Release|Any CPU.Build.0 = Release|Any CPU
		{B4D0BD55-BB75-4F15-8C57-6B29A7A1AD6B}.Debug|Any CPU.ActiveCfg = Debug|Any CPU
		{B4D0BD55-BB75-4F15-8C57-6B29A7A1AD6B}.Debug|Any CPU.Build.0 = Debug|Any CPU
		{B4D0BD55-BB75-4F15-8C57-6B29A7A1AD6B}.Release|Any CPU.ActiveCfg = Release|Any CPU
		{B4D0BD55-BB75-4F15-8C57-6B29A7A1AD6B}.Release|Any CPU.Build.0 = Release|Any CPU
		{0F3497D6-3502-49BA-A57C-2E36625B2989}.Debug|Any CPU.ActiveCfg = Debug|Any CPU
		{0F3497D6-3502-49BA-A57C-2E36625B2989}.Debug|Any CPU.Build.0 = Debug|Any CPU
		{0F3497D6-3502-49BA-A57C-2E36625B2989}.Release|Any CPU.ActiveCfg = Release|Any CPU
		{0F3497D6-3502-49BA-A57C-2E36625B2989}.Release|Any CPU.Build.0 = Release|Any CPU
		{E28E7742-4BB9-4C4C-B4B6-CF7DF44549CC}.Debug|Any CPU.ActiveCfg = Debug|Any CPU
		{E28E7742-4BB9-4C4C-B4B6-CF7DF44549CC}.Debug|Any CPU.Build.0 = Debug|Any CPU
		{E28E7742-4BB9-4C4C-B4B6-CF7DF44549CC}.Release|Any CPU.ActiveCfg = Release|Any CPU
		{E28E7742-4BB9-4C4C-B4B6-CF7DF44549CC}.Release|Any CPU.Build.0 = Release|Any CPU
		{9A9E0D9C-CFDD-4754-8333-CA162B8A32FA}.Debug|Any CPU.ActiveCfg = Debug|Any CPU
		{9A9E0D9C-CFDD-4754-8333-CA162B8A32FA}.Debug|Any CPU.Build.0 = Debug|Any CPU
		{9A9E0D9C-CFDD-4754-8333-CA162B8A32FA}.Release|Any CPU.ActiveCfg = Release|Any CPU
		{9A9E0D9C-CFDD-4754-8333-CA162B8A32FA}.Release|Any CPU.Build.0 = Release|Any CPU
		{3254EF8C-9705-42DD-BB58-B84947C12838}.Debug|Any CPU.ActiveCfg = Debug|Any CPU
		{3254EF8C-9705-42DD-BB58-B84947C12838}.Debug|Any CPU.Build.0 = Debug|Any CPU
		{3254EF8C-9705-42DD-BB58-B84947C12838}.Release|Any CPU.ActiveCfg = Release|Any CPU
		{3254EF8C-9705-42DD-BB58-B84947C12838}.Release|Any CPU.Build.0 = Release|Any CPU
		{397197B7-ACCB-4976-A410-68682C9A025C}.Debug|Any CPU.ActiveCfg = Debug|Any CPU
		{397197B7-ACCB-4976-A410-68682C9A025C}.Debug|Any CPU.Build.0 = Debug|Any CPU
		{397197B7-ACCB-4976-A410-68682C9A025C}.Release|Any CPU.ActiveCfg = Release|Any CPU
		{397197B7-ACCB-4976-A410-68682C9A025C}.Release|Any CPU.Build.0 = Release|Any CPU
		{BED64345-0957-4281-8181-7C7A34483E4F}.Debug|Any CPU.ActiveCfg = Debug|Any CPU
		{BED64345-0957-4281-8181-7C7A34483E4F}.Debug|Any CPU.Build.0 = Debug|Any CPU
		{BED64345-0957-4281-8181-7C7A34483E4F}.Release|Any CPU.ActiveCfg = Release|Any CPU
		{BED64345-0957-4281-8181-7C7A34483E4F}.Release|Any CPU.Build.0 = Release|Any CPU
		{D3FA9FFA-8EA7-43C7-A8CB-FC191DA4DDAD}.Debug|Any CPU.ActiveCfg = Debug|Any CPU
		{D3FA9FFA-8EA7-43C7-A8CB-FC191DA4DDAD}.Debug|Any CPU.Build.0 = Debug|Any CPU
		{D3FA9FFA-8EA7-43C7-A8CB-FC191DA4DDAD}.Release|Any CPU.ActiveCfg = Release|Any CPU
		{D3FA9FFA-8EA7-43C7-A8CB-FC191DA4DDAD}.Release|Any CPU.Build.0 = Release|Any CPU
		{9A3121B7-4645-4F32-A6C8-E0B2C0EEDAF1}.Debug|Any CPU.ActiveCfg = Debug|Any CPU
		{9A3121B7-4645-4F32-A6C8-E0B2C0EEDAF1}.Debug|Any CPU.Build.0 = Debug|Any CPU
		{9A3121B7-4645-4F32-A6C8-E0B2C0EEDAF1}.Release|Any CPU.ActiveCfg = Release|Any CPU
		{9A3121B7-4645-4F32-A6C8-E0B2C0EEDAF1}.Release|Any CPU.Build.0 = Release|Any CPU
		{6716C292-B4E9-4747-84B9-518A36621709}.Debug|Any CPU.ActiveCfg = Debug|Any CPU
		{6716C292-B4E9-4747-84B9-518A36621709}.Debug|Any CPU.Build.0 = Debug|Any CPU
		{6716C292-B4E9-4747-84B9-518A36621709}.Release|Any CPU.ActiveCfg = Release|Any CPU
		{6716C292-B4E9-4747-84B9-518A36621709}.Release|Any CPU.Build.0 = Release|Any CPU
		{A7E237E1-ADF9-482D-805F-425919237B60}.Debug|Any CPU.ActiveCfg = Debug|Any CPU
		{A7E237E1-ADF9-482D-805F-425919237B60}.Debug|Any CPU.Build.0 = Debug|Any CPU
		{A7E237E1-ADF9-482D-805F-425919237B60}.Release|Any CPU.ActiveCfg = Release|Any CPU
		{A7E237E1-ADF9-482D-805F-425919237B60}.Release|Any CPU.Build.0 = Release|Any CPU
		{84B91D4B-3B46-4D93-95DD-BD533BFF7DE3}.Debug|Any CPU.ActiveCfg = Debug|Any CPU
		{84B91D4B-3B46-4D93-95DD-BD533BFF7DE3}.Debug|Any CPU.Build.0 = Debug|Any CPU
		{84B91D4B-3B46-4D93-95DD-BD533BFF7DE3}.Release|Any CPU.ActiveCfg = Release|Any CPU
		{84B91D4B-3B46-4D93-95DD-BD533BFF7DE3}.Release|Any CPU.Build.0 = Release|Any CPU
		{D7F9900E-3F9F-4760-8D2C-327EE9B7861C}.Debug|Any CPU.ActiveCfg = Debug|Any CPU
		{D7F9900E-3F9F-4760-8D2C-327EE9B7861C}.Debug|Any CPU.Build.0 = Debug|Any CPU
		{D7F9900E-3F9F-4760-8D2C-327EE9B7861C}.Release|Any CPU.ActiveCfg = Release|Any CPU
		{D7F9900E-3F9F-4760-8D2C-327EE9B7861C}.Release|Any CPU.Build.0 = Release|Any CPU
		{0C9D4D1C-669A-41C7-9389-AB1D208BEF3E}.Debug|Any CPU.ActiveCfg = Debug|Any CPU
		{0C9D4D1C-669A-41C7-9389-AB1D208BEF3E}.Debug|Any CPU.Build.0 = Debug|Any CPU
		{0C9D4D1C-669A-41C7-9389-AB1D208BEF3E}.Release|Any CPU.ActiveCfg = Release|Any CPU
		{0C9D4D1C-669A-41C7-9389-AB1D208BEF3E}.Release|Any CPU.Build.0 = Release|Any CPU
		{6536923B-E3FD-4C19-8DDC-D0770027452A}.Debug|Any CPU.ActiveCfg = Debug|Any CPU
		{6536923B-E3FD-4C19-8DDC-D0770027452A}.Debug|Any CPU.Build.0 = Debug|Any CPU
		{6536923B-E3FD-4C19-8DDC-D0770027452A}.Release|Any CPU.ActiveCfg = Release|Any CPU
		{6536923B-E3FD-4C19-8DDC-D0770027452A}.Release|Any CPU.Build.0 = Release|Any CPU
		{860336F9-741D-4BC0-A796-B554DFBD5F50}.Debug|Any CPU.ActiveCfg = Debug|Any CPU
		{860336F9-741D-4BC0-A796-B554DFBD5F50}.Debug|Any CPU.Build.0 = Debug|Any CPU
		{860336F9-741D-4BC0-A796-B554DFBD5F50}.Release|Any CPU.ActiveCfg = Release|Any CPU
		{860336F9-741D-4BC0-A796-B554DFBD5F50}.Release|Any CPU.Build.0 = Release|Any CPU
		{1598E7E2-FFF2-44B1-9486-DB64D6C62BE7}.Debug|Any CPU.ActiveCfg = Debug|Any CPU
		{1598E7E2-FFF2-44B1-9486-DB64D6C62BE7}.Debug|Any CPU.Build.0 = Debug|Any CPU
		{1598E7E2-FFF2-44B1-9486-DB64D6C62BE7}.Release|Any CPU.ActiveCfg = Release|Any CPU
		{1598E7E2-FFF2-44B1-9486-DB64D6C62BE7}.Release|Any CPU.Build.0 = Release|Any CPU
		{D6232774-8F4B-4DDD-BDCD-F8B711B94793}.Debug|Any CPU.ActiveCfg = Debug|Any CPU
		{D6232774-8F4B-4DDD-BDCD-F8B711B94793}.Debug|Any CPU.Build.0 = Debug|Any CPU
		{D6232774-8F4B-4DDD-BDCD-F8B711B94793}.Release|Any CPU.ActiveCfg = Release|Any CPU
		{D6232774-8F4B-4DDD-BDCD-F8B711B94793}.Release|Any CPU.Build.0 = Release|Any CPU
		{6F05BA93-28D4-46C7-B811-FF32FEEB5B59}.Debug|Any CPU.ActiveCfg = Debug|Any CPU
		{6F05BA93-28D4-46C7-B811-FF32FEEB5B59}.Debug|Any CPU.Build.0 = Debug|Any CPU
		{6F05BA93-28D4-46C7-B811-FF32FEEB5B59}.Release|Any CPU.ActiveCfg = Release|Any CPU
		{6F05BA93-28D4-46C7-B811-FF32FEEB5B59}.Release|Any CPU.Build.0 = Release|Any CPU
		{34152A44-CB5B-462F-8F82-841E78A9634F}.Debug|Any CPU.ActiveCfg = Debug|Any CPU
		{34152A44-CB5B-462F-8F82-841E78A9634F}.Debug|Any CPU.Build.0 = Debug|Any CPU
		{34152A44-CB5B-462F-8F82-841E78A9634F}.Release|Any CPU.ActiveCfg = Release|Any CPU
		{34152A44-CB5B-462F-8F82-841E78A9634F}.Release|Any CPU.Build.0 = Release|Any CPU
		{3E159B01-6049-4343-AC50-AF9F09395270}.Debug|Any CPU.ActiveCfg = Debug|Any CPU
		{3E159B01-6049-4343-AC50-AF9F09395270}.Debug|Any CPU.Build.0 = Debug|Any CPU
		{3E159B01-6049-4343-AC50-AF9F09395270}.Release|Any CPU.ActiveCfg = Release|Any CPU
		{3E159B01-6049-4343-AC50-AF9F09395270}.Release|Any CPU.Build.0 = Release|Any CPU
		{FB5C6688-A802-4F51-8AEE-295676A48C73}.Debug|Any CPU.ActiveCfg = Debug|Any CPU
		{FB5C6688-A802-4F51-8AEE-295676A48C73}.Debug|Any CPU.Build.0 = Debug|Any CPU
		{FB5C6688-A802-4F51-8AEE-295676A48C73}.Release|Any CPU.ActiveCfg = Release|Any CPU
		{FB5C6688-A802-4F51-8AEE-295676A48C73}.Release|Any CPU.Build.0 = Release|Any CPU
		{257E6125-CE03-4F48-824A-7F510FF032A6}.Debug|Any CPU.ActiveCfg = Debug|Any CPU
		{257E6125-CE03-4F48-824A-7F510FF032A6}.Debug|Any CPU.Build.0 = Debug|Any CPU
		{257E6125-CE03-4F48-824A-7F510FF032A6}.Release|Any CPU.ActiveCfg = Release|Any CPU
		{257E6125-CE03-4F48-824A-7F510FF032A6}.Release|Any CPU.Build.0 = Release|Any CPU
		{583210D8-F760-4C74-891E-88E512BA6D39}.Debug|Any CPU.ActiveCfg = Debug|Any CPU
		{583210D8-F760-4C74-891E-88E512BA6D39}.Debug|Any CPU.Build.0 = Debug|Any CPU
		{583210D8-F760-4C74-891E-88E512BA6D39}.Release|Any CPU.ActiveCfg = Release|Any CPU
		{583210D8-F760-4C74-891E-88E512BA6D39}.Release|Any CPU.Build.0 = Release|Any CPU
		{92589B7E-9559-4105-A93B-CCFA1ADEA6DD}.Debug|Any CPU.ActiveCfg = Debug|Any CPU
		{92589B7E-9559-4105-A93B-CCFA1ADEA6DD}.Debug|Any CPU.Build.0 = Debug|Any CPU
		{92589B7E-9559-4105-A93B-CCFA1ADEA6DD}.Release|Any CPU.ActiveCfg = Release|Any CPU
		{92589B7E-9559-4105-A93B-CCFA1ADEA6DD}.Release|Any CPU.Build.0 = Release|Any CPU
		{0AE64E20-9682-4B6C-8836-258F62D6CE46}.Debug|Any CPU.ActiveCfg = Debug|Any CPU
		{0AE64E20-9682-4B6C-8836-258F62D6CE46}.Debug|Any CPU.Build.0 = Debug|Any CPU
		{0AE64E20-9682-4B6C-8836-258F62D6CE46}.Release|Any CPU.ActiveCfg = Release|Any CPU
		{0AE64E20-9682-4B6C-8836-258F62D6CE46}.Release|Any CPU.Build.0 = Release|Any CPU
		{F408BFA9-56C5-48F7-A8DF-4DD6F110B747}.Debug|Any CPU.ActiveCfg = Debug|Any CPU
		{F408BFA9-56C5-48F7-A8DF-4DD6F110B747}.Debug|Any CPU.Build.0 = Debug|Any CPU
		{F408BFA9-56C5-48F7-A8DF-4DD6F110B747}.Release|Any CPU.ActiveCfg = Release|Any CPU
		{F408BFA9-56C5-48F7-A8DF-4DD6F110B747}.Release|Any CPU.Build.0 = Release|Any CPU
		{43EAEDE7-8AC9-4246-8023-30F3AC26FB66}.Debug|Any CPU.ActiveCfg = Debug|Any CPU
		{43EAEDE7-8AC9-4246-8023-30F3AC26FB66}.Debug|Any CPU.Build.0 = Debug|Any CPU
		{43EAEDE7-8AC9-4246-8023-30F3AC26FB66}.Release|Any CPU.ActiveCfg = Release|Any CPU
		{43EAEDE7-8AC9-4246-8023-30F3AC26FB66}.Release|Any CPU.Build.0 = Release|Any CPU
		{6970D5AB-0D08-4AAE-B35B-4BA980C5E567}.Debug|Any CPU.ActiveCfg = Debug|Any CPU
		{6970D5AB-0D08-4AAE-B35B-4BA980C5E567}.Debug|Any CPU.Build.0 = Debug|Any CPU
		{6970D5AB-0D08-4AAE-B35B-4BA980C5E567}.Release|Any CPU.ActiveCfg = Release|Any CPU
		{6970D5AB-0D08-4AAE-B35B-4BA980C5E567}.Release|Any CPU.Build.0 = Release|Any CPU
		{C70EEE5D-C214-4423-9CD8-5FDB812B6A5D}.Debug|Any CPU.ActiveCfg = Debug|Any CPU
		{C70EEE5D-C214-4423-9CD8-5FDB812B6A5D}.Debug|Any CPU.Build.0 = Debug|Any CPU
		{C70EEE5D-C214-4423-9CD8-5FDB812B6A5D}.Release|Any CPU.ActiveCfg = Release|Any CPU
		{C70EEE5D-C214-4423-9CD8-5FDB812B6A5D}.Release|Any CPU.Build.0 = Release|Any CPU
		{A9786F0C-B503-4BDC-9BB1-2007E0571A8A}.Debug|Any CPU.ActiveCfg = Debug|Any CPU
		{A9786F0C-B503-4BDC-9BB1-2007E0571A8A}.Debug|Any CPU.Build.0 = Debug|Any CPU
		{A9786F0C-B503-4BDC-9BB1-2007E0571A8A}.Release|Any CPU.ActiveCfg = Release|Any CPU
		{A9786F0C-B503-4BDC-9BB1-2007E0571A8A}.Release|Any CPU.Build.0 = Release|Any CPU
		{E36A88B2-382B-4E34-9C3C-EE31BDBB2850}.Debug|Any CPU.ActiveCfg = Debug|Any CPU
		{E36A88B2-382B-4E34-9C3C-EE31BDBB2850}.Debug|Any CPU.Build.0 = Debug|Any CPU
		{E36A88B2-382B-4E34-9C3C-EE31BDBB2850}.Release|Any CPU.ActiveCfg = Release|Any CPU
		{E36A88B2-382B-4E34-9C3C-EE31BDBB2850}.Release|Any CPU.Build.0 = Release|Any CPU
		{B7E230E9-79D5-43B3-852E-6E0D4EA55EB6}.Debug|Any CPU.ActiveCfg = Debug|Any CPU
		{B7E230E9-79D5-43B3-852E-6E0D4EA55EB6}.Debug|Any CPU.Build.0 = Debug|Any CPU
		{B7E230E9-79D5-43B3-852E-6E0D4EA55EB6}.Release|Any CPU.ActiveCfg = Release|Any CPU
		{B7E230E9-79D5-43B3-852E-6E0D4EA55EB6}.Release|Any CPU.Build.0 = Release|Any CPU
		{32D397C9-0A9F-4845-83EB-3AD7A628C117}.Debug|Any CPU.ActiveCfg = Debug|Any CPU
		{32D397C9-0A9F-4845-83EB-3AD7A628C117}.Debug|Any CPU.Build.0 = Debug|Any CPU
		{32D397C9-0A9F-4845-83EB-3AD7A628C117}.Release|Any CPU.ActiveCfg = Release|Any CPU
		{32D397C9-0A9F-4845-83EB-3AD7A628C117}.Release|Any CPU.Build.0 = Release|Any CPU
		{31EDD830-6877-496A-8A13-4B7EF5DC1234}.Debug|Any CPU.ActiveCfg = Debug|Any CPU
		{31EDD830-6877-496A-8A13-4B7EF5DC1234}.Debug|Any CPU.Build.0 = Debug|Any CPU
		{31EDD830-6877-496A-8A13-4B7EF5DC1234}.Release|Any CPU.ActiveCfg = Release|Any CPU
		{31EDD830-6877-496A-8A13-4B7EF5DC1234}.Release|Any CPU.Build.0 = Release|Any CPU
		{567D9AA5-D9D9-4707-AE17-CF459942BFD9}.Debug|Any CPU.ActiveCfg = Debug|Any CPU
		{567D9AA5-D9D9-4707-AE17-CF459942BFD9}.Debug|Any CPU.Build.0 = Debug|Any CPU
		{567D9AA5-D9D9-4707-AE17-CF459942BFD9}.Release|Any CPU.ActiveCfg = Release|Any CPU
		{567D9AA5-D9D9-4707-AE17-CF459942BFD9}.Release|Any CPU.Build.0 = Release|Any CPU
		{568A7EEF-145F-4321-AC85-F3C03F7AB793}.Debug|Any CPU.ActiveCfg = Debug|Any CPU
		{568A7EEF-145F-4321-AC85-F3C03F7AB793}.Debug|Any CPU.Build.0 = Debug|Any CPU
		{568A7EEF-145F-4321-AC85-F3C03F7AB793}.Release|Any CPU.ActiveCfg = Release|Any CPU
		{568A7EEF-145F-4321-AC85-F3C03F7AB793}.Release|Any CPU.Build.0 = Release|Any CPU
		{06D0CBF9-6A06-4AC3-8811-8D14F88DF4D8}.Debug|Any CPU.ActiveCfg = Debug|Any CPU
		{06D0CBF9-6A06-4AC3-8811-8D14F88DF4D8}.Debug|Any CPU.Build.0 = Debug|Any CPU
		{06D0CBF9-6A06-4AC3-8811-8D14F88DF4D8}.Release|Any CPU.ActiveCfg = Release|Any CPU
		{06D0CBF9-6A06-4AC3-8811-8D14F88DF4D8}.Release|Any CPU.Build.0 = Release|Any CPU
		{F9DA48FA-FFF4-47EC-8870-2CC598F538FF}.Debug|Any CPU.ActiveCfg = Debug|Any CPU
		{F9DA48FA-FFF4-47EC-8870-2CC598F538FF}.Debug|Any CPU.Build.0 = Debug|Any CPU
		{F9DA48FA-FFF4-47EC-8870-2CC598F538FF}.Release|Any CPU.ActiveCfg = Release|Any CPU
		{F9DA48FA-FFF4-47EC-8870-2CC598F538FF}.Release|Any CPU.Build.0 = Release|Any CPU
		{4F757086-F6BA-4811-8498-1136577EBAD6}.Debug|Any CPU.ActiveCfg = Debug|Any CPU
		{4F757086-F6BA-4811-8498-1136577EBAD6}.Debug|Any CPU.Build.0 = Debug|Any CPU
		{4F757086-F6BA-4811-8498-1136577EBAD6}.Release|Any CPU.ActiveCfg = Release|Any CPU
		{4F757086-F6BA-4811-8498-1136577EBAD6}.Release|Any CPU.Build.0 = Release|Any CPU
		{C5D6D5BC-6AD3-4928-A0AD-B3E48847B4B2}.Debug|Any CPU.ActiveCfg = Debug|Any CPU
		{C5D6D5BC-6AD3-4928-A0AD-B3E48847B4B2}.Debug|Any CPU.Build.0 = Debug|Any CPU
		{C5D6D5BC-6AD3-4928-A0AD-B3E48847B4B2}.Release|Any CPU.ActiveCfg = Release|Any CPU
		{C5D6D5BC-6AD3-4928-A0AD-B3E48847B4B2}.Release|Any CPU.Build.0 = Release|Any CPU
		{84186D23-616E-4D54-B9B1-CEB662F1951F}.Debug|Any CPU.ActiveCfg = Debug|Any CPU
		{84186D23-616E-4D54-B9B1-CEB662F1951F}.Debug|Any CPU.Build.0 = Debug|Any CPU
		{84186D23-616E-4D54-B9B1-CEB662F1951F}.Release|Any CPU.ActiveCfg = Release|Any CPU
		{84186D23-616E-4D54-B9B1-CEB662F1951F}.Release|Any CPU.Build.0 = Release|Any CPU
		{82E81BF8-DB0F-4228-AE24-B5248A9715DC}.Debug|Any CPU.ActiveCfg = Debug|Any CPU
		{82E81BF8-DB0F-4228-AE24-B5248A9715DC}.Debug|Any CPU.Build.0 = Debug|Any CPU
		{82E81BF8-DB0F-4228-AE24-B5248A9715DC}.Release|Any CPU.ActiveCfg = Release|Any CPU
		{82E81BF8-DB0F-4228-AE24-B5248A9715DC}.Release|Any CPU.Build.0 = Release|Any CPU
		{BA6281DD-8F9F-435A-9CD8-9611E261DA42}.Debug|Any CPU.ActiveCfg = Debug|Any CPU
		{BA6281DD-8F9F-435A-9CD8-9611E261DA42}.Debug|Any CPU.Build.0 = Debug|Any CPU
		{BA6281DD-8F9F-435A-9CD8-9611E261DA42}.Release|Any CPU.ActiveCfg = Release|Any CPU
		{BA6281DD-8F9F-435A-9CD8-9611E261DA42}.Release|Any CPU.Build.0 = Release|Any CPU
		{2A1134E4-A17E-4E31-AD50-23D73248F048}.Debug|Any CPU.ActiveCfg = Debug|Any CPU
		{2A1134E4-A17E-4E31-AD50-23D73248F048}.Debug|Any CPU.Build.0 = Debug|Any CPU
		{2A1134E4-A17E-4E31-AD50-23D73248F048}.Release|Any CPU.ActiveCfg = Release|Any CPU
		{2A1134E4-A17E-4E31-AD50-23D73248F048}.Release|Any CPU.Build.0 = Release|Any CPU
		{0DA7FCC9-4454-4D33-B852-45A6C25D2CD1}.Debug|Any CPU.ActiveCfg = Debug|Any CPU
		{0DA7FCC9-4454-4D33-B852-45A6C25D2CD1}.Debug|Any CPU.Build.0 = Debug|Any CPU
		{0DA7FCC9-4454-4D33-B852-45A6C25D2CD1}.Release|Any CPU.ActiveCfg = Release|Any CPU
		{0DA7FCC9-4454-4D33-B852-45A6C25D2CD1}.Release|Any CPU.Build.0 = Release|Any CPU
		{994FDF26-6B33-49FA-8326-AAD34842FBE3}.Debug|Any CPU.ActiveCfg = Debug|Any CPU
		{994FDF26-6B33-49FA-8326-AAD34842FBE3}.Debug|Any CPU.Build.0 = Debug|Any CPU
		{994FDF26-6B33-49FA-8326-AAD34842FBE3}.Release|Any CPU.ActiveCfg = Release|Any CPU
		{994FDF26-6B33-49FA-8326-AAD34842FBE3}.Release|Any CPU.Build.0 = Release|Any CPU
		{8598A8C7-A30A-4A8F-9802-3E2260A6C1B8}.Debug|Any CPU.ActiveCfg = Debug|Any CPU
		{8598A8C7-A30A-4A8F-9802-3E2260A6C1B8}.Debug|Any CPU.Build.0 = Debug|Any CPU
		{8598A8C7-A30A-4A8F-9802-3E2260A6C1B8}.Release|Any CPU.ActiveCfg = Release|Any CPU
		{8598A8C7-A30A-4A8F-9802-3E2260A6C1B8}.Release|Any CPU.Build.0 = Release|Any CPU
		{C122B83E-DBDC-4E09-933D-3F8F69FF2095}.Debug|Any CPU.ActiveCfg = Debug|Any CPU
		{C122B83E-DBDC-4E09-933D-3F8F69FF2095}.Debug|Any CPU.Build.0 = Debug|Any CPU
		{C122B83E-DBDC-4E09-933D-3F8F69FF2095}.Release|Any CPU.ActiveCfg = Release|Any CPU
		{C122B83E-DBDC-4E09-933D-3F8F69FF2095}.Release|Any CPU.Build.0 = Release|Any CPU
		{7A3456C1-FFAF-47F4-8F4B-55820D01E8A3}.Debug|Any CPU.ActiveCfg = Debug|Any CPU
		{7A3456C1-FFAF-47F4-8F4B-55820D01E8A3}.Debug|Any CPU.Build.0 = Debug|Any CPU
		{7A3456C1-FFAF-47F4-8F4B-55820D01E8A3}.Release|Any CPU.ActiveCfg = Release|Any CPU
		{7A3456C1-FFAF-47F4-8F4B-55820D01E8A3}.Release|Any CPU.Build.0 = Release|Any CPU
		{947D4223-C8DB-4324-82A5-CA63C20A4A8C}.Debug|Any CPU.ActiveCfg = Debug|Any CPU
		{947D4223-C8DB-4324-82A5-CA63C20A4A8C}.Debug|Any CPU.Build.0 = Debug|Any CPU
		{947D4223-C8DB-4324-82A5-CA63C20A4A8C}.Release|Any CPU.ActiveCfg = Release|Any CPU
		{947D4223-C8DB-4324-82A5-CA63C20A4A8C}.Release|Any CPU.Build.0 = Release|Any CPU
		{9ABD76E0-4CE5-4D90-9155-499DBFA14856}.Debug|Any CPU.ActiveCfg = Debug|Any CPU
		{9ABD76E0-4CE5-4D90-9155-499DBFA14856}.Debug|Any CPU.Build.0 = Debug|Any CPU
		{9ABD76E0-4CE5-4D90-9155-499DBFA14856}.Release|Any CPU.ActiveCfg = Release|Any CPU
		{9ABD76E0-4CE5-4D90-9155-499DBFA14856}.Release|Any CPU.Build.0 = Release|Any CPU
		{398428AF-555B-43E6-A002-E7CF4FB230AC}.Debug|Any CPU.ActiveCfg = Debug|Any CPU
		{398428AF-555B-43E6-A002-E7CF4FB230AC}.Debug|Any CPU.Build.0 = Debug|Any CPU
		{398428AF-555B-43E6-A002-E7CF4FB230AC}.Release|Any CPU.ActiveCfg = Release|Any CPU
		{398428AF-555B-43E6-A002-E7CF4FB230AC}.Release|Any CPU.Build.0 = Release|Any CPU
		{277F73A7-23E7-400A-9C04-0C4B3C544CDB}.Debug|Any CPU.ActiveCfg = Debug|Any CPU
		{277F73A7-23E7-400A-9C04-0C4B3C544CDB}.Debug|Any CPU.Build.0 = Debug|Any CPU
		{277F73A7-23E7-400A-9C04-0C4B3C544CDB}.Release|Any CPU.ActiveCfg = Release|Any CPU
		{277F73A7-23E7-400A-9C04-0C4B3C544CDB}.Release|Any CPU.Build.0 = Release|Any CPU
		{6337B150-9741-47D3-A84F-C031151E9CF2}.Debug|Any CPU.ActiveCfg = Debug|Any CPU
		{6337B150-9741-47D3-A84F-C031151E9CF2}.Debug|Any CPU.Build.0 = Debug|Any CPU
		{6337B150-9741-47D3-A84F-C031151E9CF2}.Release|Any CPU.ActiveCfg = Release|Any CPU
		{6337B150-9741-47D3-A84F-C031151E9CF2}.Release|Any CPU.Build.0 = Release|Any CPU
		{F9A54C6A-5381-410F-8245-5F87110DCBD0}.Debug|Any CPU.ActiveCfg = Debug|Any CPU
		{F9A54C6A-5381-410F-8245-5F87110DCBD0}.Debug|Any CPU.Build.0 = Debug|Any CPU
		{F9A54C6A-5381-410F-8245-5F87110DCBD0}.Release|Any CPU.ActiveCfg = Release|Any CPU
		{F9A54C6A-5381-410F-8245-5F87110DCBD0}.Release|Any CPU.Build.0 = Release|Any CPU
		{3829E9D2-CC29-4F28-9FED-57EB9C6F5769}.Debug|Any CPU.ActiveCfg = Debug|Any CPU
		{3829E9D2-CC29-4F28-9FED-57EB9C6F5769}.Debug|Any CPU.Build.0 = Debug|Any CPU
		{3829E9D2-CC29-4F28-9FED-57EB9C6F5769}.Release|Any CPU.ActiveCfg = Release|Any CPU
		{3829E9D2-CC29-4F28-9FED-57EB9C6F5769}.Release|Any CPU.Build.0 = Release|Any CPU
		{DF8C8F5A-33D0-4B9B-AD6B-F66E82BF8E8C}.Debug|Any CPU.ActiveCfg = Debug|Any CPU
		{DF8C8F5A-33D0-4B9B-AD6B-F66E82BF8E8C}.Debug|Any CPU.Build.0 = Debug|Any CPU
		{DF8C8F5A-33D0-4B9B-AD6B-F66E82BF8E8C}.Release|Any CPU.ActiveCfg = Release|Any CPU
		{DF8C8F5A-33D0-4B9B-AD6B-F66E82BF8E8C}.Release|Any CPU.Build.0 = Release|Any CPU
		{4FBB0A36-E38A-4D3E-8D00-18A814004285}.Debug|Any CPU.ActiveCfg = Debug|Any CPU
		{4FBB0A36-E38A-4D3E-8D00-18A814004285}.Debug|Any CPU.Build.0 = Debug|Any CPU
		{4FBB0A36-E38A-4D3E-8D00-18A814004285}.Release|Any CPU.ActiveCfg = Release|Any CPU
		{4FBB0A36-E38A-4D3E-8D00-18A814004285}.Release|Any CPU.Build.0 = Release|Any CPU
		{B05A9BDC-2720-4513-AA53-AD228C839D07}.Debug|Any CPU.ActiveCfg = Debug|Any CPU
		{B05A9BDC-2720-4513-AA53-AD228C839D07}.Debug|Any CPU.Build.0 = Debug|Any CPU
		{B05A9BDC-2720-4513-AA53-AD228C839D07}.Release|Any CPU.ActiveCfg = Release|Any CPU
		{B05A9BDC-2720-4513-AA53-AD228C839D07}.Release|Any CPU.Build.0 = Release|Any CPU
		{5C744609-4A6E-44C5-960D-839FDF5146F5}.Debug|Any CPU.ActiveCfg = Debug|Any CPU
		{5C744609-4A6E-44C5-960D-839FDF5146F5}.Debug|Any CPU.Build.0 = Debug|Any CPU
		{5C744609-4A6E-44C5-960D-839FDF5146F5}.Release|Any CPU.ActiveCfg = Release|Any CPU
		{5C744609-4A6E-44C5-960D-839FDF5146F5}.Release|Any CPU.Build.0 = Release|Any CPU
		{438597FD-0643-4A43-A5BB-14BD1AC56E67}.Debug|Any CPU.ActiveCfg = Debug|Any CPU
		{438597FD-0643-4A43-A5BB-14BD1AC56E67}.Debug|Any CPU.Build.0 = Debug|Any CPU
		{438597FD-0643-4A43-A5BB-14BD1AC56E67}.Release|Any CPU.ActiveCfg = Release|Any CPU
		{438597FD-0643-4A43-A5BB-14BD1AC56E67}.Release|Any CPU.Build.0 = Release|Any CPU
		{D5AAF045-3D68-4293-96C7-5D01BBA94FD3}.Debug|Any CPU.ActiveCfg = Debug|Any CPU
		{D5AAF045-3D68-4293-96C7-5D01BBA94FD3}.Debug|Any CPU.Build.0 = Debug|Any CPU
		{D5AAF045-3D68-4293-96C7-5D01BBA94FD3}.Release|Any CPU.ActiveCfg = Release|Any CPU
		{D5AAF045-3D68-4293-96C7-5D01BBA94FD3}.Release|Any CPU.Build.0 = Release|Any CPU
	EndGlobalSection
	GlobalSection(SolutionProperties) = preSolution
		HideSolutionNode = FALSE
	EndGlobalSection
	GlobalSection(NestedProjects) = preSolution
		{3665CC39-D3B8-47C5-A628-A9A5175F8264} = {67690836-336A-4FA0-A176-D1408259CF81}
		{C24C95B4-67ED-416C-8250-5B3CE4C832BA} = {3665CC39-D3B8-47C5-A628-A9A5175F8264}
		{F895EF12-6901-4D50-94FF-6061C44B2C20} = {C24C95B4-67ED-416C-8250-5B3CE4C832BA}
		{3DD764B5-3FC8-4D81-B220-7B935816B9AE} = {C24C95B4-67ED-416C-8250-5B3CE4C832BA}
		{3A915B62-259E-4050-9954-41B21596644D} = {3665CC39-D3B8-47C5-A628-A9A5175F8264}
		{38A13910-5074-4CF3-A9B9-A9D58B615834} = {3A915B62-259E-4050-9954-41B21596644D}
		{189D1CCF-13A2-4F7D-9360-CDDC3CFF3986} = {3665CC39-D3B8-47C5-A628-A9A5175F8264}
		{5DFD06A6-3200-416F-9924-2AD7E5A3CFB7} = {67690836-336A-4FA0-A176-D1408259CF81}
		{E3E33C0C-0815-4F0B-A928-AE53081F0A86} = {5DFD06A6-3200-416F-9924-2AD7E5A3CFB7}
		{B4D570BB-0308-4907-9E2F-85B5749525A3} = {E3E33C0C-0815-4F0B-A928-AE53081F0A86}
		{6C367B58-7848-4B7C-A1D8-AD126D0EE417} = {5DFD06A6-3200-416F-9924-2AD7E5A3CFB7}
		{38FCD060-DAB1-47D9-B993-6E41ED008858} = {6C367B58-7848-4B7C-A1D8-AD126D0EE417}
		{A9B5C259-A7E1-4F4E-A8DD-82439ECB9CC6} = {5DFD06A6-3200-416F-9924-2AD7E5A3CFB7}
		{7129FE09-E8AA-4566-86BC-E3548D5F7AD1} = {A9B5C259-A7E1-4F4E-A8DD-82439ECB9CC6}
		{3A03BA7E-A6B5-42D1-A8D4-8A7AE94B7A9C} = {5DFD06A6-3200-416F-9924-2AD7E5A3CFB7}
		{2F6E742B-1DF3-4B08-855A-5C8103E1FC46} = {3A03BA7E-A6B5-42D1-A8D4-8A7AE94B7A9C}
		{FC789B14-FCAA-484F-9D39-9E96EE11501C} = {455CF3C4-39C2-4E1D-9486-A73DC0AD6394}
		{3C9D3ACC-45D6-4B46-9153-51D098D5BB10} = {67690836-336A-4FA0-A176-D1408259CF81}
		{455CF3C4-39C2-4E1D-9486-A73DC0AD6394} = {3C9D3ACC-45D6-4B46-9153-51D098D5BB10}
		{5F7235D9-6B34-41DA-A4BC-A86D66A86FD5} = {3C9D3ACC-45D6-4B46-9153-51D098D5BB10}
		{C53C5F1B-5CD3-4DB0-9960-5E1768572640} = {5F7235D9-6B34-41DA-A4BC-A86D66A86FD5}
		{D26C748E-E62F-450D-B04F-692E386F002E} = {3C9D3ACC-45D6-4B46-9153-51D098D5BB10}
		{B3659965-4FDE-4AAC-973A-C260712BB8DC} = {D26C748E-E62F-450D-B04F-692E386F002E}
		{764F39FA-1100-4C45-AE42-33ED779D9448} = {67690836-336A-4FA0-A176-D1408259CF81}
		{8D9D4AA3-35C1-4B55-8139-61B961A4F347} = {764F39FA-1100-4C45-AE42-33ED779D9448}
		{F7CE1F9C-9456-471B-AE02-21398A181C06} = {8D9D4AA3-35C1-4B55-8139-61B961A4F347}
		{C9B56226-0493-45F5-9DF3-8DB5B785B9E1} = {8D9D4AA3-35C1-4B55-8139-61B961A4F347}
		{03595823-668D-44C8-914A-D4582220E177} = {8D9D4AA3-35C1-4B55-8139-61B961A4F347}
		{156F4DC6-5BB3-4A66-AF4D-EF37042E975C} = {8D9D4AA3-35C1-4B55-8139-61B961A4F347}
		{2A710B5A-FBDF-498D-9B09-1DB7B4F75EB1} = {8D9D4AA3-35C1-4B55-8139-61B961A4F347}
		{1E60F9FF-7214-4DB9-8D57-A1EFEFF65AB3} = {764F39FA-1100-4C45-AE42-33ED779D9448}
		{1FD3CF21-2469-41D8-9369-A073F589CE4B} = {1E60F9FF-7214-4DB9-8D57-A1EFEFF65AB3}
		{8EF1A46D-C3D4-495A-96D1-BAE083C52DD6} = {67690836-336A-4FA0-A176-D1408259CF81}
		{E2D11FA5-954C-4CF8-8318-1C46D4EC456B} = {8EF1A46D-C3D4-495A-96D1-BAE083C52DD6}
		{47FE8DF3-2343-4389-A580-525D95C24E69} = {E2D11FA5-954C-4CF8-8318-1C46D4EC456B}
		{D343D9B4-C29C-4DC8-8F2B-47BA2E52E913} = {E2D11FA5-954C-4CF8-8318-1C46D4EC456B}
		{B4D4CA2D-F790-4B20-95A4-A293C162C8E5} = {E2D11FA5-954C-4CF8-8318-1C46D4EC456B}
		{BC0F9F44-F4B9-432D-AB25-858BCFEA5DE8} = {8EF1A46D-C3D4-495A-96D1-BAE083C52DD6}
		{DAF84ED6-31BA-4D03-9691-F1C147042A86} = {BC0F9F44-F4B9-432D-AB25-858BCFEA5DE8}
		{0021D5DD-33EE-4A9A-BEF9-93237277B0FC} = {BC0F9F44-F4B9-432D-AB25-858BCFEA5DE8}
		{823CE641-3B86-4427-A8C9-A58A27459643} = {BC0F9F44-F4B9-432D-AB25-858BCFEA5DE8}
		{760F9D21-CD7F-4D35-8BEA-2A4AB22F9399} = {BC0F9F44-F4B9-432D-AB25-858BCFEA5DE8}
		{15EF3C30-4AFE-4532-8E0D-6222A26059D6} = {8EF1A46D-C3D4-495A-96D1-BAE083C52DD6}
		{81FAEA03-E758-4196-97D0-14CAE2FD1C13} = {15EF3C30-4AFE-4532-8E0D-6222A26059D6}
		{B999050D-83F0-4540-A668-44F7FD12A13D} = {15EF3C30-4AFE-4532-8E0D-6222A26059D6}
		{7930E8BA-16D8-44FA-BA51-C2E6EECCE7B5} = {67690836-336A-4FA0-A176-D1408259CF81}
		{87097A6B-0B32-45EA-A47E-6FB58D6DE595} = {7930E8BA-16D8-44FA-BA51-C2E6EECCE7B5}
		{E95F51B3-8AA8-4DE1-8CA8-401EBEB556D1} = {87097A6B-0B32-45EA-A47E-6FB58D6DE595}
		{9C6BCDBC-4A74-4A72-B846-E92F63FF8D33} = {87097A6B-0B32-45EA-A47E-6FB58D6DE595}
		{4217CFFB-7BC3-4FC6-BB77-EF782C851908} = {87097A6B-0B32-45EA-A47E-6FB58D6DE595}
		{BA4CB2BB-5D6B-4168-9BAA-78159B102878} = {7930E8BA-16D8-44FA-BA51-C2E6EECCE7B5}
		{E5B5E6F2-B8F2-4B12-8050-154218F1A3CE} = {BA4CB2BB-5D6B-4168-9BAA-78159B102878}
		{C22C9C5B-C5DC-4DF6-B962-E9B4CB5986C2} = {BA4CB2BB-5D6B-4168-9BAA-78159B102878}
		{A10B81E1-AE87-474D-9B0D-B809B68F186A} = {BA4CB2BB-5D6B-4168-9BAA-78159B102878}
		{D7F07A28-EAF1-4309-9CDF-0CB65358437D} = {7930E8BA-16D8-44FA-BA51-C2E6EECCE7B5}
		{A948A7FA-69CF-4EA1-BC9C-0DBCBF996436} = {D7F07A28-EAF1-4309-9CDF-0CB65358437D}
		{6C3A7309-1F5B-46C0-ABF2-0D7EF62D1D2D} = {D7F07A28-EAF1-4309-9CDF-0CB65358437D}
		{836B799D-8AC8-4616-BF8D-8ABC26167360} = {D7F07A28-EAF1-4309-9CDF-0CB65358437D}
		{CAA7157F-21C4-4FE8-929A-C3CFD06A1881} = {7930E8BA-16D8-44FA-BA51-C2E6EECCE7B5}
		{202F71A1-1E6B-4493-93CD-2F602AD33B7E} = {CAA7157F-21C4-4FE8-929A-C3CFD06A1881}
		{E1C6EF4A-32A1-41CE-B623-07A4C60066CC} = {CAA7157F-21C4-4FE8-929A-C3CFD06A1881}
		{F8DEAADC-C1DA-4B84-9493-2E0DD3B4409D} = {7930E8BA-16D8-44FA-BA51-C2E6EECCE7B5}
		{B4D0BD55-BB75-4F15-8C57-6B29A7A1AD6B} = {F8DEAADC-C1DA-4B84-9493-2E0DD3B4409D}
		{0F3497D6-3502-49BA-A57C-2E36625B2989} = {F8DEAADC-C1DA-4B84-9493-2E0DD3B4409D}
		{E28E7742-4BB9-4C4C-B4B6-CF7DF44549CC} = {F8DEAADC-C1DA-4B84-9493-2E0DD3B4409D}
		{4425F7F5-4CE2-413A-8D15-5BA806446289} = {7930E8BA-16D8-44FA-BA51-C2E6EECCE7B5}
		{9A9E0D9C-CFDD-4754-8333-CA162B8A32FA} = {4425F7F5-4CE2-413A-8D15-5BA806446289}
		{3254EF8C-9705-42DD-BB58-B84947C12838} = {4425F7F5-4CE2-413A-8D15-5BA806446289}
		{397197B7-ACCB-4976-A410-68682C9A025C} = {4425F7F5-4CE2-413A-8D15-5BA806446289}
		{4FD83F95-E1E0-4C62-9464-73DA405A4A4A} = {7930E8BA-16D8-44FA-BA51-C2E6EECCE7B5}
		{BED64345-0957-4281-8181-7C7A34483E4F} = {4FD83F95-E1E0-4C62-9464-73DA405A4A4A}
		{D3FA9FFA-8EA7-43C7-A8CB-FC191DA4DDAD} = {4FD83F95-E1E0-4C62-9464-73DA405A4A4A}
		{9A3121B7-4645-4F32-A6C8-E0B2C0EEDAF1} = {4FD83F95-E1E0-4C62-9464-73DA405A4A4A}
		{F9D38C75-1304-482B-A0E3-7805372FCF94} = {67690836-336A-4FA0-A176-D1408259CF81}
		{82AF8834-78B9-47E2-AC99-34A1CFA3B63C} = {F9D38C75-1304-482B-A0E3-7805372FCF94}
		{6716C292-B4E9-4747-84B9-518A36621709} = {82AF8834-78B9-47E2-AC99-34A1CFA3B63C}
		{33E223DA-03B7-44B8-BC3B-DA81DA414C53} = {67690836-336A-4FA0-A176-D1408259CF81}
		{A7E237E1-ADF9-482D-805F-425919237B60} = {D2BB13AC-3058-43D0-9B5B-F70C3781B4D6}
		{D2BB13AC-3058-43D0-9B5B-F70C3781B4D6} = {33E223DA-03B7-44B8-BC3B-DA81DA414C53}
		{CCEF3C0D-7EB2-44B2-A7BC-FBCB044C949C} = {33E223DA-03B7-44B8-BC3B-DA81DA414C53}
		{84B91D4B-3B46-4D93-95DD-BD533BFF7DE3} = {CCEF3C0D-7EB2-44B2-A7BC-FBCB044C949C}
		{C1AD3935-88AF-4B2B-A665-CCE163AEC5D4} = {33E223DA-03B7-44B8-BC3B-DA81DA414C53}
		{D7F9900E-3F9F-4760-8D2C-327EE9B7861C} = {C1AD3935-88AF-4B2B-A665-CCE163AEC5D4}
		{0C9D4D1C-669A-41C7-9389-AB1D208BEF3E} = {C1AD3935-88AF-4B2B-A665-CCE163AEC5D4}
		{6536923B-E3FD-4C19-8DDC-D0770027452A} = {C1AD3935-88AF-4B2B-A665-CCE163AEC5D4}
		{F94C5066-9610-426E-A0D0-5D99A2512D49} = {33E223DA-03B7-44B8-BC3B-DA81DA414C53}
		{860336F9-741D-4BC0-A796-B554DFBD5F50} = {C1AD3935-88AF-4B2B-A665-CCE163AEC5D4}
		{1598E7E2-FFF2-44B1-9486-DB64D6C62BE7} = {F94C5066-9610-426E-A0D0-5D99A2512D49}
		{D6232774-8F4B-4DDD-BDCD-F8B711B94793} = {F94C5066-9610-426E-A0D0-5D99A2512D49}
		{6F05BA93-28D4-46C7-B811-FF32FEEB5B59} = {F94C5066-9610-426E-A0D0-5D99A2512D49}
		{207AD8AB-4F55-4CE8-A15A-66DB08600411} = {67690836-336A-4FA0-A176-D1408259CF81}
		{64CDF2DE-7EEA-47C1-886E-EA4CA78D61C8} = {207AD8AB-4F55-4CE8-A15A-66DB08600411}
		{34152A44-CB5B-462F-8F82-841E78A9634F} = {64CDF2DE-7EEA-47C1-886E-EA4CA78D61C8}
		{3E159B01-6049-4343-AC50-AF9F09395270} = {64CDF2DE-7EEA-47C1-886E-EA4CA78D61C8}
		{FB5C6688-A802-4F51-8AEE-295676A48C73} = {64CDF2DE-7EEA-47C1-886E-EA4CA78D61C8}
		{76C5C127-7CAD-45AD-B650-90C666C3AC64} = {207AD8AB-4F55-4CE8-A15A-66DB08600411}
		{257E6125-CE03-4F48-824A-7F510FF032A6} = {76C5C127-7CAD-45AD-B650-90C666C3AC64}
		{583210D8-F760-4C74-891E-88E512BA6D39} = {76C5C127-7CAD-45AD-B650-90C666C3AC64}
		{92589B7E-9559-4105-A93B-CCFA1ADEA6DD} = {76C5C127-7CAD-45AD-B650-90C666C3AC64}
		{D9085537-BDE3-4384-9F93-28BB336B2A8B} = {67690836-336A-4FA0-A176-D1408259CF81}
		{91AAB43E-FCE8-4F74-8AFA-3F801E3C23A3} = {D9085537-BDE3-4384-9F93-28BB336B2A8B}
		{0AE64E20-9682-4B6C-8836-258F62D6CE46} = {91AAB43E-FCE8-4F74-8AFA-3F801E3C23A3}
		{F408BFA9-56C5-48F7-A8DF-4DD6F110B747} = {91AAB43E-FCE8-4F74-8AFA-3F801E3C23A3}
		{43EAEDE7-8AC9-4246-8023-30F3AC26FB66} = {91AAB43E-FCE8-4F74-8AFA-3F801E3C23A3}
		{6970D5AB-0D08-4AAE-B35B-4BA980C5E567} = {91AAB43E-FCE8-4F74-8AFA-3F801E3C23A3}
		{DC480860-6AEB-459B-BD22-9E271373E8E8} = {D9085537-BDE3-4384-9F93-28BB336B2A8B}
		{C70EEE5D-C214-4423-9CD8-5FDB812B6A5D} = {DC480860-6AEB-459B-BD22-9E271373E8E8}
		{A9786F0C-B503-4BDC-9BB1-2007E0571A8A} = {DC480860-6AEB-459B-BD22-9E271373E8E8}
		{B18E844F-36BE-41DE-8B1C-B3F5F570F95B} = {D9085537-BDE3-4384-9F93-28BB336B2A8B}
		{9FF869BE-1CF4-4B3C-9851-8D871E2DE3AF} = {D9085537-BDE3-4384-9F93-28BB336B2A8B}
		{727D477D-9226-41AC-9846-64B093CC34DB} = {D9085537-BDE3-4384-9F93-28BB336B2A8B}
		{D09758AD-E4C1-4926-9390-D03DF8AAF357} = {D9085537-BDE3-4384-9F93-28BB336B2A8B}
		{9B99EA7F-520A-4376-AF6B-3E1B21C5886B} = {D9085537-BDE3-4384-9F93-28BB336B2A8B}
		{4B6A0A62-64FD-4EDA-BB93-3227CD0DCB12} = {D9085537-BDE3-4384-9F93-28BB336B2A8B}
		{3454ADCD-9819-42ED-8C02-8EE3D944558F} = {67690836-336A-4FA0-A176-D1408259CF81}
		{AF0DFABD-C4AE-46C3-9A8E-3E9FE8AEF31B} = {67690836-336A-4FA0-A176-D1408259CF81}
		{DD68548E-351A-49C3-B4AA-191876F1ED49} = {67690836-336A-4FA0-A176-D1408259CF81}
		{E482839E-5498-47C6-BEFE-B27BB07F0818} = {3454ADCD-9819-42ED-8C02-8EE3D944558F}
		{E36A88B2-382B-4E34-9C3C-EE31BDBB2850} = {DC480860-6AEB-459B-BD22-9E271373E8E8}
		{B7E230E9-79D5-43B3-852E-6E0D4EA55EB6} = {B18E844F-36BE-41DE-8B1C-B3F5F570F95B}
		{32D397C9-0A9F-4845-83EB-3AD7A628C117} = {727D477D-9226-41AC-9846-64B093CC34DB}
		{31EDD830-6877-496A-8A13-4B7EF5DC1234} = {D09758AD-E4C1-4926-9390-D03DF8AAF357}
		{567D9AA5-D9D9-4707-AE17-CF459942BFD9} = {D09758AD-E4C1-4926-9390-D03DF8AAF357}
		{568A7EEF-145F-4321-AC85-F3C03F7AB793} = {D09758AD-E4C1-4926-9390-D03DF8AAF357}
		{06D0CBF9-6A06-4AC3-8811-8D14F88DF4D8} = {9B99EA7F-520A-4376-AF6B-3E1B21C5886B}
		{F9DA48FA-FFF4-47EC-8870-2CC598F538FF} = {E482839E-5498-47C6-BEFE-B27BB07F0818}
		{4F757086-F6BA-4811-8498-1136577EBAD6} = {E482839E-5498-47C6-BEFE-B27BB07F0818}
		{C5D6D5BC-6AD3-4928-A0AD-B3E48847B4B2} = {E482839E-5498-47C6-BEFE-B27BB07F0818}
		{84186D23-616E-4D54-B9B1-CEB662F1951F} = {E482839E-5498-47C6-BEFE-B27BB07F0818}
		{8C7322BD-9F47-4F32-A3A9-3DC96589D966} = {3454ADCD-9819-42ED-8C02-8EE3D944558F}
		{82E81BF8-DB0F-4228-AE24-B5248A9715DC} = {8C7322BD-9F47-4F32-A3A9-3DC96589D966}
		{0A058621-58A3-42D9-9B9F-279EFF788BF9} = {3454ADCD-9819-42ED-8C02-8EE3D944558F}
		{BA6281DD-8F9F-435A-9CD8-9611E261DA42} = {0A058621-58A3-42D9-9B9F-279EFF788BF9}
		{FBF25FB3-3EFB-4A6E-8895-77FEA975841F} = {AF0DFABD-C4AE-46C3-9A8E-3E9FE8AEF31B}
		{2A1134E4-A17E-4E31-AD50-23D73248F048} = {FBF25FB3-3EFB-4A6E-8895-77FEA975841F}
		{0DA7FCC9-4454-4D33-B852-45A6C25D2CD1} = {FBF25FB3-3EFB-4A6E-8895-77FEA975841F}
		{994FDF26-6B33-49FA-8326-AAD34842FBE3} = {FBF25FB3-3EFB-4A6E-8895-77FEA975841F}
		{1D25B8FB-3647-4C0E-9D3F-0506520D7259} = {AF0DFABD-C4AE-46C3-9A8E-3E9FE8AEF31B}
		{8598A8C7-A30A-4A8F-9802-3E2260A6C1B8} = {1D25B8FB-3647-4C0E-9D3F-0506520D7259}
		{C122B83E-DBDC-4E09-933D-3F8F69FF2095} = {1D25B8FB-3647-4C0E-9D3F-0506520D7259}
		{F4197114-8798-4ED6-8339-21DC9AEFAB3A} = {DD68548E-351A-49C3-B4AA-191876F1ED49}
		{7A3456C1-FFAF-47F4-8F4B-55820D01E8A3} = {F4197114-8798-4ED6-8339-21DC9AEFAB3A}
		{947D4223-C8DB-4324-82A5-CA63C20A4A8C} = {F4197114-8798-4ED6-8339-21DC9AEFAB3A}
		{9ABD76E0-4CE5-4D90-9155-499DBFA14856} = {F4197114-8798-4ED6-8339-21DC9AEFAB3A}
		{398428AF-555B-43E6-A002-E7CF4FB230AC} = {F4197114-8798-4ED6-8339-21DC9AEFAB3A}
		{277F73A7-23E7-400A-9C04-0C4B3C544CDB} = {F4197114-8798-4ED6-8339-21DC9AEFAB3A}
		{6337B150-9741-47D3-A84F-C031151E9CF2} = {F4197114-8798-4ED6-8339-21DC9AEFAB3A}
		{CB0307AF-E96A-4EB5-9DF6-B8309FEAC345} = {DD68548E-351A-49C3-B4AA-191876F1ED49}
		{F9A54C6A-5381-410F-8245-5F87110DCBD0} = {CB0307AF-E96A-4EB5-9DF6-B8309FEAC345}
		{86EE3771-7735-4444-88D2-A657FE330704} = {DD68548E-351A-49C3-B4AA-191876F1ED49}
		{3829E9D2-CC29-4F28-9FED-57EB9C6F5769} = {86EE3771-7735-4444-88D2-A657FE330704}
		{DF8C8F5A-33D0-4B9B-AD6B-F66E82BF8E8C} = {86EE3771-7735-4444-88D2-A657FE330704}
		{0CDCEEC3-5CD8-42FA-8D78-19AE649C354F} = {DD68548E-351A-49C3-B4AA-191876F1ED49}
		{4FBB0A36-E38A-4D3E-8D00-18A814004285} = {0CDCEEC3-5CD8-42FA-8D78-19AE649C354F}
		{B763E1D6-ED04-4BA1-B048-BB1218CAC11C} = {DD68548E-351A-49C3-B4AA-191876F1ED49}
		{B05A9BDC-2720-4513-AA53-AD228C839D07} = {B763E1D6-ED04-4BA1-B048-BB1218CAC11C}
		{D71D4967-A57B-4C23-86BB-CB1535AD07C9} = {67690836-336A-4FA0-A176-D1408259CF81}
		{A431562A-0CBF-45C6-9FCB-4AF2A6BFD121} = {D71D4967-A57B-4C23-86BB-CB1535AD07C9}
		{5C744609-4A6E-44C5-960D-839FDF5146F5} = {A431562A-0CBF-45C6-9FCB-4AF2A6BFD121}
		{70B577FE-97B9-456D-A736-43870408ED21} = {D71D4967-A57B-4C23-86BB-CB1535AD07C9}
		{438597FD-0643-4A43-A5BB-14BD1AC56E67} = {70B577FE-97B9-456D-A736-43870408ED21}
		{00CD6C61-D741-466B-A2AD-B543E6BC7855} = {67690836-336A-4FA0-A176-D1408259CF81}
		{6FA45724-9AE1-4890-BD5E-45A9B559CCA4} = {00CD6C61-D741-466B-A2AD-B543E6BC7855}
		{D89EC5EC-5170-435F-91CD-8EF058D3EF45} = {00CD6C61-D741-466B-A2AD-B543E6BC7855}
		{D5AAF045-3D68-4293-96C7-5D01BBA94FD3} = {D89EC5EC-5170-435F-91CD-8EF058D3EF45}
	EndGlobalSection
	GlobalSection(ExtensibilityGlobals) = postSolution
		SolutionGuid = {CB854001-B0A9-447E-8FAD-03C3E838ABFA}
	EndGlobalSection
EndGlobal
